
Microsoft Visual Studio Solution File, Format Version 12.00
# Visual Studio Version 17
Project("{2150E333-8FDC-42A3-9474-1A3956D46DE8}") = "CMakePredefinedTargets", "CMakePredefinedTargets", "{BFBF0E5A-47F9-3BD5-B654-74A3B1252C8F}"
EndProject
Project("{2150E333-8FDC-42A3-9474-1A3956D46DE8}") = "DiligentCore", "DiligentCore", "{0E274101-9C29-35F2-8E46-CAF0D8981841}"
EndProject
Project("{2150E333-8FDC-42A3-9474-1A3956D46DE8}") = "Graphics", "DiligentCore\Graphics", "{2E7A5DFB-C392-3DC7-A877-39D9064BF1F3}"
EndProject
Project("{2150E333-8FDC-42A3-9474-1A3956D46DE8}") = "Platforms", "DiligentCore\Platforms", "{A725FA26-5554-39A7-9C68-B2CDF7EC0422}"
EndProject
Project("{2150E333-8FDC-42A3-9474-1A3956D46DE8}") = "ThirdParty", "DiligentCore\ThirdParty", "{E87E143D-81F5-3927-838C-38920027E5ED}"
EndProject
Project("{2150E333-8FDC-42A3-9474-1A3956D46DE8}") = "SPIRV-Cross", "DiligentCore\ThirdParty\SPIRV-Cross", "{2282CE6A-1CE1-36A7-886C-BAE6F91F6F9C}"
EndProject
Project("{2150E333-8FDC-42A3-9474-1A3956D46DE8}") = "SPIRV-Tools", "DiligentCore\ThirdParty\SPIRV-Tools", "{6F960CEF-0628-3309-BC07-D9E6574FB8D0}"
EndProject
Project("{2150E333-8FDC-42A3-9474-1A3956D46DE8}") = "SPIRV-Tools build", "DiligentCore\ThirdParty\SPIRV-Tools\SPIRV-Tools build", "{9CE0D246-1078-3AFB-BEDE-CA1778090F40}"
EndProject
Project("{2150E333-8FDC-42A3-9474-1A3956D46DE8}") = "SPIRV-Tools libraries", "DiligentCore\ThirdParty\SPIRV-Tools\SPIRV-Tools libraries", "{930DE575-6BD7-3FDC-864D-3DC9A70AD741}"
EndProject
Project("{2150E333-8FDC-42A3-9474-1A3956D46DE8}") = "glslang", "DiligentCore\ThirdParty\glslang", "{B1F138AD-76EB-3D7D-AE5E-748EAC046842}"
EndProject
Project("{2150E333-8FDC-42A3-9474-1A3956D46DE8}") = "glslang", "DiligentCore\ThirdParty\glslang\glslang", "{641AC004-87C3-3933-B66F-80D3C5C2A7CA}"
EndProject
Project("{2150E333-8FDC-42A3-9474-1A3956D46DE8}") = "xxHash", "DiligentCore\ThirdParty\xxHash", "{AA76A045-5EF3-3D40-B8EF-C57917014258}"
EndProject
Project("{2150E333-8FDC-42A3-9474-1A3956D46DE8}") = "DiligentSamples", "DiligentSamples", "{A6BAD176-C05F-3DAE-8E78-02AE95430D12}"
EndProject
Project("{2150E333-8FDC-42A3-9474-1A3956D46DE8}") = "Tutorials", "DiligentSamples\Tutorials", "{C61F81F1-219D-3219-9FF8-8CFF6DE785FC}"
EndProject
Project("{2150E333-8FDC-42A3-9474-1A3956D46DE8}") = "DiligentTools", "DiligentTools", "{BDDBAA01-21D1-3445-AEE1-D2E7B139ECBE}"
EndProject
Project("{2150E333-8FDC-42A3-9474-1A3956D46DE8}") = "ThirdParty", "DiligentTools\ThirdParty", "{183E4A45-A824-3AFC-A252-AB6BA7703AC1}"
EndProject
Project("{2150E333-8FDC-42A3-9474-1A3956D46DE8}") = "png", "DiligentTools\ThirdParty\png", "{6F2CC604-69CF-3B71-9FA9-6BA86F601979}"
EndProject
Project("{8BC9CEB8-8B4A-11D0-8D11-00A0C91BC942}") = "ALL_BUILD", "ALL_BUILD.vcxproj", "{7C5DF768-7DFD-3DB3-8495-D63933A2159A}"
	ProjectSection(ProjectDependencies) = postProject
		{77044EB3-6FBD-37AA-9926-3B02076CACDA} = {77044EB3-6FBD-37AA-9926-3B02076CACDA}
		{8EE78A36-264F-399F-B3DC-4A8DEE047AF0} = {8EE78A36-264F-399F-B3DC-4A8DEE047AF0}
	EndProjectSection
EndProject
Project("{8BC9CEB8-8B4A-11D0-8D11-00A0C91BC942}") = "Diligent-Archiver-shared", "..\..\..\DiligentCore\Graphics\Archiver\Diligent-Archiver-shared.vcxproj", "{C9553361-4607-361C-B77A-A4EF78014A90}"
	ProjectSection(ProjectDependencies) = postProject
		{2B3D58F4-50A0-3F3C-9913-DE2A440F0981} = {2B3D58F4-50A0-3F3C-9913-DE2A440F0981}
		{5B3F7E2A-9038-3748-B113-BDB35923E1AE} = {5B3F7E2A-9038-3748-B113-BDB35923E1AE}
		{B63ECA99-4DD2-3D06-84FF-268F891488FC} = {B63ECA99-4DD2-3D06-84FF-268F891488FC}
		{79A18E42-0CD6-3CC7-85A9-37CD6D9543E6} = {79A18E42-0CD6-3CC7-85A9-37CD6D9543E6}
		{F632DE7C-EC6E-3FF6-BDEA-717BDBC9ABAC} = {F632DE7C-EC6E-3FF6-BDEA-717BDBC9ABAC}
		{AA6A0530-13A5-3D1D-A53C-EC7C66BB5721} = {AA6A0530-13A5-3D1D-A53C-EC7C66BB5721}
		{6CC7D228-5358-3F39-8397-6EF954A780A7} = {6CC7D228-5358-3F39-8397-6EF954A780A7}
		{9851A6BD-AE2C-38AE-AC11-DF990DFA8AF4} = {9851A6BD-AE2C-38AE-AC11-DF990DFA8AF4}
		{D82A2BD5-DB8B-3CE3-9C45-2B30965A676B} = {D82A2BD5-DB8B-3CE3-9C45-2B30965A676B}
		{66639B34-A421-36E8-8010-AE5BF0F2F015} = {66639B34-A421-36E8-8010-AE5BF0F2F015}
		{93286332-99B1-3BE7-97F4-743EB688193E} = {93286332-99B1-3BE7-97F4-743EB688193E}
		{A8313FDA-69B9-38A5-8B97-2AA51CD24C30} = {A8313FDA-69B9-38A5-8B97-2AA51CD24C30}
		{B5C8A255-0438-35D1-B98E-1C0B53F37D81} = {B5C8A255-0438-35D1-B98E-1C0B53F37D81}
		{8491726A-2546-3E6E-A5EE-32E8E9A20EBB} = {8491726A-2546-3E6E-A5EE-32E8E9A20EBB}
		{7322B25D-CECA-357A-9BC3-0EF2A0FB3065} = {7322B25D-CECA-357A-9BC3-0EF2A0FB3065}
		{FB82B861-5C47-314D-A8B9-708C5A2738B4} = {FB82B861-5C47-314D-A8B9-708C5A2738B4}
		{9077CB1F-C0F0-3D2A-AA73-308A80CC72ED} = {9077CB1F-C0F0-3D2A-AA73-308A80CC72ED}
		{8EE78A36-264F-399F-B3DC-4A8DEE047AF0} = {8EE78A36-264F-399F-B3DC-4A8DEE047AF0}
		{F593F915-DFEC-32B0-96C1-A0E57ACC0067} = {F593F915-DFEC-32B0-96C1-A0E57ACC0067}
		{C5036225-2020-3E02-ABB3-9338BAE47021} = {C5036225-2020-3E02-ABB3-9338BAE47021}
		{C4C8CC84-7287-355F-9350-84D5382AF80B} = {C4C8CC84-7287-355F-9350-84D5382AF80B}
		{9E8CD8DF-AAD2-3025-A94F-7CCAE9360940} = {9E8CD8DF-AAD2-3025-A94F-7CCAE9360940}
	EndProjectSection
EndProject
Project("{8BC9CEB8-8B4A-11D0-8D11-00A0C91BC942}") = "Diligent-Archiver-static", "..\..\..\DiligentCore\Graphics\Archiver\Diligent-Archiver-static.vcxproj", "{2B3D58F4-50A0-3F3C-9913-DE2A440F0981}"
	ProjectSection(ProjectDependencies) = postProject
		{5B3F7E2A-9038-3748-B113-BDB35923E1AE} = {5B3F7E2A-9038-3748-B113-BDB35923E1AE}
		{B63ECA99-4DD2-3D06-84FF-268F891488FC} = {B63ECA99-4DD2-3D06-84FF-268F891488FC}
		{79A18E42-0CD6-3CC7-85A9-37CD6D9543E6} = {79A18E42-0CD6-3CC7-85A9-37CD6D9543E6}
		{F632DE7C-EC6E-3FF6-BDEA-717BDBC9ABAC} = {F632DE7C-EC6E-3FF6-BDEA-717BDBC9ABAC}
		{AA6A0530-13A5-3D1D-A53C-EC7C66BB5721} = {AA6A0530-13A5-3D1D-A53C-EC7C66BB5721}
		{6CC7D228-5358-3F39-8397-6EF954A780A7} = {6CC7D228-5358-3F39-8397-6EF954A780A7}
		{9851A6BD-AE2C-38AE-AC11-DF990DFA8AF4} = {9851A6BD-AE2C-38AE-AC11-DF990DFA8AF4}
		{D82A2BD5-DB8B-3CE3-9C45-2B30965A676B} = {D82A2BD5-DB8B-3CE3-9C45-2B30965A676B}
		{66639B34-A421-36E8-8010-AE5BF0F2F015} = {66639B34-A421-36E8-8010-AE5BF0F2F015}
		{93286332-99B1-3BE7-97F4-743EB688193E} = {93286332-99B1-3BE7-97F4-743EB688193E}
		{A8313FDA-69B9-38A5-8B97-2AA51CD24C30} = {A8313FDA-69B9-38A5-8B97-2AA51CD24C30}
		{B5C8A255-0438-35D1-B98E-1C0B53F37D81} = {B5C8A255-0438-35D1-B98E-1C0B53F37D81}
		{8491726A-2546-3E6E-A5EE-32E8E9A20EBB} = {8491726A-2546-3E6E-A5EE-32E8E9A20EBB}
		{7322B25D-CECA-357A-9BC3-0EF2A0FB3065} = {7322B25D-CECA-357A-9BC3-0EF2A0FB3065}
		{FB82B861-5C47-314D-A8B9-708C5A2738B4} = {FB82B861-5C47-314D-A8B9-708C5A2738B4}
		{9077CB1F-C0F0-3D2A-AA73-308A80CC72ED} = {9077CB1F-C0F0-3D2A-AA73-308A80CC72ED}
		{8EE78A36-264F-399F-B3DC-4A8DEE047AF0} = {8EE78A36-264F-399F-B3DC-4A8DEE047AF0}
		{F593F915-DFEC-32B0-96C1-A0E57ACC0067} = {F593F915-DFEC-32B0-96C1-A0E57ACC0067}
		{C5036225-2020-3E02-ABB3-9338BAE47021} = {C5036225-2020-3E02-ABB3-9338BAE47021}
		{C4C8CC84-7287-355F-9350-84D5382AF80B} = {C4C8CC84-7287-355F-9350-84D5382AF80B}
		{9E8CD8DF-AAD2-3025-A94F-7CCAE9360940} = {9E8CD8DF-AAD2-3025-A94F-7CCAE9360940}
	EndProjectSection
EndProject
Project("{8BC9CEB8-8B4A-11D0-8D11-00A0C91BC942}") = "Diligent-BasicPlatform", "..\..\..\DiligentCore\Platforms\Basic\Diligent-BasicPlatform.vcxproj", "{5B3F7E2A-9038-3748-B113-BDB35923E1AE}"
	ProjectSection(ProjectDependencies) = postProject
		{B5C8A255-0438-35D1-B98E-1C0B53F37D81} = {B5C8A255-0438-35D1-B98E-1C0B53F37D81}
		{8EE78A36-264F-399F-B3DC-4A8DEE047AF0} = {8EE78A36-264F-399F-B3DC-4A8DEE047AF0}
	EndProjectSection
EndProject
Project("{8BC9CEB8-8B4A-11D0-8D11-00A0C91BC942}") = "Diligent-Common", "..\..\..\DiligentCore\Common\Diligent-Common.vcxproj", "{B63ECA99-4DD2-3D06-84FF-268F891488FC}"
	ProjectSection(ProjectDependencies) = postProject
		{5B3F7E2A-9038-3748-B113-BDB35923E1AE} = {5B3F7E2A-9038-3748-B113-BDB35923E1AE}
		{B5C8A255-0438-35D1-B98E-1C0B53F37D81} = {B5C8A255-0438-35D1-B98E-1C0B53F37D81}
		{8491726A-2546-3E6E-A5EE-32E8E9A20EBB} = {8491726A-2546-3E6E-A5EE-32E8E9A20EBB}
		{8EE78A36-264F-399F-B3DC-4A8DEE047AF0} = {8EE78A36-264F-399F-B3DC-4A8DEE047AF0}
	EndProjectSection
EndProject
Project("{8BC9CEB8-8B4A-11D0-8D11-00A0C91BC942}") = "Diligent-GraphicsAccessories", "..\..\..\DiligentCore\Graphics\GraphicsAccessories\Diligent-GraphicsAccessories.vcxproj", "{79A18E42-0CD6-3CC7-85A9-37CD6D9543E6}"
	ProjectSection(ProjectDependencies) = postProject
		{5B3F7E2A-9038-3748-B113-BDB35923E1AE} = {5B3F7E2A-9038-3748-B113-BDB35923E1AE}
		{B63ECA99-4DD2-3D06-84FF-268F891488FC} = {B63ECA99-4DD2-3D06-84FF-268F891488FC}
		{B5C8A255-0438-35D1-B98E-1C0B53F37D81} = {B5C8A255-0438-35D1-B98E-1C0B53F37D81}
		{8491726A-2546-3E6E-A5EE-32E8E9A20EBB} = {8491726A-2546-3E6E-A5EE-32E8E9A20EBB}
		{8EE78A36-264F-399F-B3DC-4A8DEE047AF0} = {8EE78A36-264F-399F-B3DC-4A8DEE047AF0}
	EndProjectSection
EndProject
Project("{8BC9CEB8-8B4A-11D0-8D11-00A0C91BC942}") = "Diligent-GraphicsEngine", "..\..\..\DiligentCore\Graphics\GraphicsEngine\Diligent-GraphicsEngine.vcxproj", "{F632DE7C-EC6E-3FF6-BDEA-717BDBC9ABAC}"
	ProjectSection(ProjectDependencies) = postProject
		{5B3F7E2A-9038-3748-B113-BDB35923E1AE} = {5B3F7E2A-9038-3748-B113-BDB35923E1AE}
		{B63ECA99-4DD2-3D06-84FF-268F891488FC} = {B63ECA99-4DD2-3D06-84FF-268F891488FC}
		{79A18E42-0CD6-3CC7-85A9-37CD6D9543E6} = {79A18E42-0CD6-3CC7-85A9-37CD6D9543E6}
		{B5C8A255-0438-35D1-B98E-1C0B53F37D81} = {B5C8A255-0438-35D1-B98E-1C0B53F37D81}
		{8491726A-2546-3E6E-A5EE-32E8E9A20EBB} = {8491726A-2546-3E6E-A5EE-32E8E9A20EBB}
		{8EE78A36-264F-399F-B3DC-4A8DEE047AF0} = {8EE78A36-264F-399F-B3DC-4A8DEE047AF0}
	EndProjectSection
EndProject
Project("{8BC9CEB8-8B4A-11D0-8D11-00A0C91BC942}") = "Diligent-GraphicsEngineD3D11-shared", "..\..\..\DiligentCore\Graphics\GraphicsEngineD3D11\Diligent-GraphicsEngineD3D11-shared.vcxproj", "{0B4996FD-D616-3F93-A39D-1E76BE06F7C2}"
	ProjectSection(ProjectDependencies) = postProject
		{5B3F7E2A-9038-3748-B113-BDB35923E1AE} = {5B3F7E2A-9038-3748-B113-BDB35923E1AE}
		{B63ECA99-4DD2-3D06-84FF-268F891488FC} = {B63ECA99-4DD2-3D06-84FF-268F891488FC}
		{79A18E42-0CD6-3CC7-85A9-37CD6D9543E6} = {79A18E42-0CD6-3CC7-85A9-37CD6D9543E6}
		{F632DE7C-EC6E-3FF6-BDEA-717BDBC9ABAC} = {F632DE7C-EC6E-3FF6-BDEA-717BDBC9ABAC}
		{AA6A0530-13A5-3D1D-A53C-EC7C66BB5721} = {AA6A0530-13A5-3D1D-A53C-EC7C66BB5721}
		{9851A6BD-AE2C-38AE-AC11-DF990DFA8AF4} = {9851A6BD-AE2C-38AE-AC11-DF990DFA8AF4}
		{A8313FDA-69B9-38A5-8B97-2AA51CD24C30} = {A8313FDA-69B9-38A5-8B97-2AA51CD24C30}
		{B5C8A255-0438-35D1-B98E-1C0B53F37D81} = {B5C8A255-0438-35D1-B98E-1C0B53F37D81}
		{8491726A-2546-3E6E-A5EE-32E8E9A20EBB} = {8491726A-2546-3E6E-A5EE-32E8E9A20EBB}
		{7322B25D-CECA-357A-9BC3-0EF2A0FB3065} = {7322B25D-CECA-357A-9BC3-0EF2A0FB3065}
		{FB82B861-5C47-314D-A8B9-708C5A2738B4} = {FB82B861-5C47-314D-A8B9-708C5A2738B4}
		{9077CB1F-C0F0-3D2A-AA73-308A80CC72ED} = {9077CB1F-C0F0-3D2A-AA73-308A80CC72ED}
		{8EE78A36-264F-399F-B3DC-4A8DEE047AF0} = {8EE78A36-264F-399F-B3DC-4A8DEE047AF0}
		{C5036225-2020-3E02-ABB3-9338BAE47021} = {C5036225-2020-3E02-ABB3-9338BAE47021}
		{C4C8CC84-7287-355F-9350-84D5382AF80B} = {C4C8CC84-7287-355F-9350-84D5382AF80B}
	EndProjectSection
EndProject
Project("{8BC9CEB8-8B4A-11D0-8D11-00A0C91BC942}") = "Diligent-GraphicsEngineD3D11-static", "..\..\..\DiligentCore\Graphics\GraphicsEngineD3D11\Diligent-GraphicsEngineD3D11-static.vcxproj", "{AA6A0530-13A5-3D1D-A53C-EC7C66BB5721}"
	ProjectSection(ProjectDependencies) = postProject
		{5B3F7E2A-9038-3748-B113-BDB35923E1AE} = {5B3F7E2A-9038-3748-B113-BDB35923E1AE}
		{B63ECA99-4DD2-3D06-84FF-268F891488FC} = {B63ECA99-4DD2-3D06-84FF-268F891488FC}
		{79A18E42-0CD6-3CC7-85A9-37CD6D9543E6} = {79A18E42-0CD6-3CC7-85A9-37CD6D9543E6}
		{F632DE7C-EC6E-3FF6-BDEA-717BDBC9ABAC} = {F632DE7C-EC6E-3FF6-BDEA-717BDBC9ABAC}
		{9851A6BD-AE2C-38AE-AC11-DF990DFA8AF4} = {9851A6BD-AE2C-38AE-AC11-DF990DFA8AF4}
		{A8313FDA-69B9-38A5-8B97-2AA51CD24C30} = {A8313FDA-69B9-38A5-8B97-2AA51CD24C30}
		{B5C8A255-0438-35D1-B98E-1C0B53F37D81} = {B5C8A255-0438-35D1-B98E-1C0B53F37D81}
		{8491726A-2546-3E6E-A5EE-32E8E9A20EBB} = {8491726A-2546-3E6E-A5EE-32E8E9A20EBB}
		{7322B25D-CECA-357A-9BC3-0EF2A0FB3065} = {7322B25D-CECA-357A-9BC3-0EF2A0FB3065}
		{FB82B861-5C47-314D-A8B9-708C5A2738B4} = {FB82B861-5C47-314D-A8B9-708C5A2738B4}
		{9077CB1F-C0F0-3D2A-AA73-308A80CC72ED} = {9077CB1F-C0F0-3D2A-AA73-308A80CC72ED}
		{8EE78A36-264F-399F-B3DC-4A8DEE047AF0} = {8EE78A36-264F-399F-B3DC-4A8DEE047AF0}
		{C5036225-2020-3E02-ABB3-9338BAE47021} = {C5036225-2020-3E02-ABB3-9338BAE47021}
		{C4C8CC84-7287-355F-9350-84D5382AF80B} = {C4C8CC84-7287-355F-9350-84D5382AF80B}
	EndProjectSection
EndProject
Project("{8BC9CEB8-8B4A-11D0-8D11-00A0C91BC942}") = "Diligent-GraphicsEngineD3D12-shared", "..\..\..\DiligentCore\Graphics\GraphicsEngineD3D12\Diligent-GraphicsEngineD3D12-shared.vcxproj", "{52769A31-A136-3045-AC99-A337BB5C7E99}"
	ProjectSection(ProjectDependencies) = postProject
		{5B3F7E2A-9038-3748-B113-BDB35923E1AE} = {5B3F7E2A-9038-3748-B113-BDB35923E1AE}
		{B63ECA99-4DD2-3D06-84FF-268F891488FC} = {B63ECA99-4DD2-3D06-84FF-268F891488FC}
		{79A18E42-0CD6-3CC7-85A9-37CD6D9543E6} = {79A18E42-0CD6-3CC7-85A9-37CD6D9543E6}
		{F632DE7C-EC6E-3FF6-BDEA-717BDBC9ABAC} = {F632DE7C-EC6E-3FF6-BDEA-717BDBC9ABAC}
		{6CC7D228-5358-3F39-8397-6EF954A780A7} = {6CC7D228-5358-3F39-8397-6EF954A780A7}
		{9851A6BD-AE2C-38AE-AC11-DF990DFA8AF4} = {9851A6BD-AE2C-38AE-AC11-DF990DFA8AF4}
		{D82A2BD5-DB8B-3CE3-9C45-2B30965A676B} = {D82A2BD5-DB8B-3CE3-9C45-2B30965A676B}
		{A8313FDA-69B9-38A5-8B97-2AA51CD24C30} = {A8313FDA-69B9-38A5-8B97-2AA51CD24C30}
		{B5C8A255-0438-35D1-B98E-1C0B53F37D81} = {B5C8A255-0438-35D1-B98E-1C0B53F37D81}
		{8491726A-2546-3E6E-A5EE-32E8E9A20EBB} = {8491726A-2546-3E6E-A5EE-32E8E9A20EBB}
		{7322B25D-CECA-357A-9BC3-0EF2A0FB3065} = {7322B25D-CECA-357A-9BC3-0EF2A0FB3065}
		{FB82B861-5C47-314D-A8B9-708C5A2738B4} = {FB82B861-5C47-314D-A8B9-708C5A2738B4}
		{9077CB1F-C0F0-3D2A-AA73-308A80CC72ED} = {9077CB1F-C0F0-3D2A-AA73-308A80CC72ED}
		{8EE78A36-264F-399F-B3DC-4A8DEE047AF0} = {8EE78A36-264F-399F-B3DC-4A8DEE047AF0}
		{C5036225-2020-3E02-ABB3-9338BAE47021} = {C5036225-2020-3E02-ABB3-9338BAE47021}
		{C4C8CC84-7287-355F-9350-84D5382AF80B} = {C4C8CC84-7287-355F-9350-84D5382AF80B}
	EndProjectSection
EndProject
Project("{8BC9CEB8-8B4A-11D0-8D11-00A0C91BC942}") = "Diligent-GraphicsEngineD3D12-static", "..\..\..\DiligentCore\Graphics\GraphicsEngineD3D12\Diligent-GraphicsEngineD3D12-static.vcxproj", "{6CC7D228-5358-3F39-8397-6EF954A780A7}"
	ProjectSection(ProjectDependencies) = postProject
		{5B3F7E2A-9038-3748-B113-BDB35923E1AE} = {5B3F7E2A-9038-3748-B113-BDB35923E1AE}
		{B63ECA99-4DD2-3D06-84FF-268F891488FC} = {B63ECA99-4DD2-3D06-84FF-268F891488FC}
		{79A18E42-0CD6-3CC7-85A9-37CD6D9543E6} = {79A18E42-0CD6-3CC7-85A9-37CD6D9543E6}
		{F632DE7C-EC6E-3FF6-BDEA-717BDBC9ABAC} = {F632DE7C-EC6E-3FF6-BDEA-717BDBC9ABAC}
		{9851A6BD-AE2C-38AE-AC11-DF990DFA8AF4} = {9851A6BD-AE2C-38AE-AC11-DF990DFA8AF4}
		{D82A2BD5-DB8B-3CE3-9C45-2B30965A676B} = {D82A2BD5-DB8B-3CE3-9C45-2B30965A676B}
		{A8313FDA-69B9-38A5-8B97-2AA51CD24C30} = {A8313FDA-69B9-38A5-8B97-2AA51CD24C30}
		{B5C8A255-0438-35D1-B98E-1C0B53F37D81} = {B5C8A255-0438-35D1-B98E-1C0B53F37D81}
		{8491726A-2546-3E6E-A5EE-32E8E9A20EBB} = {8491726A-2546-3E6E-A5EE-32E8E9A20EBB}
		{7322B25D-CECA-357A-9BC3-0EF2A0FB3065} = {7322B25D-CECA-357A-9BC3-0EF2A0FB3065}
		{FB82B861-5C47-314D-A8B9-708C5A2738B4} = {FB82B861-5C47-314D-A8B9-708C5A2738B4}
		{9077CB1F-C0F0-3D2A-AA73-308A80CC72ED} = {9077CB1F-C0F0-3D2A-AA73-308A80CC72ED}
		{8EE78A36-264F-399F-B3DC-4A8DEE047AF0} = {8EE78A36-264F-399F-B3DC-4A8DEE047AF0}
		{C5036225-2020-3E02-ABB3-9338BAE47021} = {C5036225-2020-3E02-ABB3-9338BAE47021}
		{C4C8CC84-7287-355F-9350-84D5382AF80B} = {C4C8CC84-7287-355F-9350-84D5382AF80B}
	EndProjectSection
EndProject
Project("{8BC9CEB8-8B4A-11D0-8D11-00A0C91BC942}") = "Diligent-GraphicsEngineD3DBase", "..\..\..\DiligentCore\Graphics\GraphicsEngineD3DBase\Diligent-GraphicsEngineD3DBase.vcxproj", "{9851A6BD-AE2C-38AE-AC11-DF990DFA8AF4}"
	ProjectSection(ProjectDependencies) = postProject
		{5B3F7E2A-9038-3748-B113-BDB35923E1AE} = {5B3F7E2A-9038-3748-B113-BDB35923E1AE}
		{B63ECA99-4DD2-3D06-84FF-268F891488FC} = {B63ECA99-4DD2-3D06-84FF-268F891488FC}
		{79A18E42-0CD6-3CC7-85A9-37CD6D9543E6} = {79A18E42-0CD6-3CC7-85A9-37CD6D9543E6}
		{F632DE7C-EC6E-3FF6-BDEA-717BDBC9ABAC} = {F632DE7C-EC6E-3FF6-BDEA-717BDBC9ABAC}
		{A8313FDA-69B9-38A5-8B97-2AA51CD24C30} = {A8313FDA-69B9-38A5-8B97-2AA51CD24C30}
		{B5C8A255-0438-35D1-B98E-1C0B53F37D81} = {B5C8A255-0438-35D1-B98E-1C0B53F37D81}
		{8491726A-2546-3E6E-A5EE-32E8E9A20EBB} = {8491726A-2546-3E6E-A5EE-32E8E9A20EBB}
		{7322B25D-CECA-357A-9BC3-0EF2A0FB3065} = {7322B25D-CECA-357A-9BC3-0EF2A0FB3065}
		{FB82B861-5C47-314D-A8B9-708C5A2738B4} = {FB82B861-5C47-314D-A8B9-708C5A2738B4}
		{9077CB1F-C0F0-3D2A-AA73-308A80CC72ED} = {9077CB1F-C0F0-3D2A-AA73-308A80CC72ED}
		{8EE78A36-264F-399F-B3DC-4A8DEE047AF0} = {8EE78A36-264F-399F-B3DC-4A8DEE047AF0}
		{C5036225-2020-3E02-ABB3-9338BAE47021} = {C5036225-2020-3E02-ABB3-9338BAE47021}
		{C4C8CC84-7287-355F-9350-84D5382AF80B} = {C4C8CC84-7287-355F-9350-84D5382AF80B}
	EndProjectSection
EndProject
Project("{8BC9CEB8-8B4A-11D0-8D11-00A0C91BC942}") = "Diligent-GraphicsEngineNextGenBase", "..\..\..\DiligentCore\Graphics\GraphicsEngineNextGenBase\Diligent-GraphicsEngineNextGenBase.vcxproj", "{D82A2BD5-DB8B-3CE3-9C45-2B30965A676B}"
	ProjectSection(ProjectDependencies) = postProject
		{5B3F7E2A-9038-3748-B113-BDB35923E1AE} = {5B3F7E2A-9038-3748-B113-BDB35923E1AE}
		{B63ECA99-4DD2-3D06-84FF-268F891488FC} = {B63ECA99-4DD2-3D06-84FF-268F891488FC}
		{79A18E42-0CD6-3CC7-85A9-37CD6D9543E6} = {79A18E42-0CD6-3CC7-85A9-37CD6D9543E6}
		{F632DE7C-EC6E-3FF6-BDEA-717BDBC9ABAC} = {F632DE7C-EC6E-3FF6-BDEA-717BDBC9ABAC}
		{B5C8A255-0438-35D1-B98E-1C0B53F37D81} = {B5C8A255-0438-35D1-B98E-1C0B53F37D81}
		{8491726A-2546-3E6E-A5EE-32E8E9A20EBB} = {8491726A-2546-3E6E-A5EE-32E8E9A20EBB}
		{8EE78A36-264F-399F-B3DC-4A8DEE047AF0} = {8EE78A36-264F-399F-B3DC-4A8DEE047AF0}
	EndProjectSection
EndProject
Project("{8BC9CEB8-8B4A-11D0-8D11-00A0C91BC942}") = "Diligent-GraphicsEngineOpenGL-shared", "..\..\..\DiligentCore\Graphics\GraphicsEngineOpenGL\Diligent-GraphicsEngineOpenGL-shared.vcxproj", "{4DA84D7B-8363-314D-BBF7-797BDDC521B3}"
	ProjectSection(ProjectDependencies) = postProject
		{5B3F7E2A-9038-3748-B113-BDB35923E1AE} = {5B3F7E2A-9038-3748-B113-BDB35923E1AE}
		{B63ECA99-4DD2-3D06-84FF-268F891488FC} = {B63ECA99-4DD2-3D06-84FF-268F891488FC}
		{79A18E42-0CD6-3CC7-85A9-37CD6D9543E6} = {79A18E42-0CD6-3CC7-85A9-37CD6D9543E6}
		{F632DE7C-EC6E-3FF6-BDEA-717BDBC9ABAC} = {F632DE7C-EC6E-3FF6-BDEA-717BDBC9ABAC}
		{66639B34-A421-36E8-8010-AE5BF0F2F015} = {66639B34-A421-36E8-8010-AE5BF0F2F015}
		{A8313FDA-69B9-38A5-8B97-2AA51CD24C30} = {A8313FDA-69B9-38A5-8B97-2AA51CD24C30}
		{B5C8A255-0438-35D1-B98E-1C0B53F37D81} = {B5C8A255-0438-35D1-B98E-1C0B53F37D81}
		{8491726A-2546-3E6E-A5EE-32E8E9A20EBB} = {8491726A-2546-3E6E-A5EE-32E8E9A20EBB}
		{7322B25D-CECA-357A-9BC3-0EF2A0FB3065} = {7322B25D-CECA-357A-9BC3-0EF2A0FB3065}
		{FB82B861-5C47-314D-A8B9-708C5A2738B4} = {FB82B861-5C47-314D-A8B9-708C5A2738B4}
		{9077CB1F-C0F0-3D2A-AA73-308A80CC72ED} = {9077CB1F-C0F0-3D2A-AA73-308A80CC72ED}
		{8EE78A36-264F-399F-B3DC-4A8DEE047AF0} = {8EE78A36-264F-399F-B3DC-4A8DEE047AF0}
		{F593F915-DFEC-32B0-96C1-A0E57ACC0067} = {F593F915-DFEC-32B0-96C1-A0E57ACC0067}
		{C5036225-2020-3E02-ABB3-9338BAE47021} = {C5036225-2020-3E02-ABB3-9338BAE47021}
		{C4C8CC84-7287-355F-9350-84D5382AF80B} = {C4C8CC84-7287-355F-9350-84D5382AF80B}
	EndProjectSection
EndProject
Project("{8BC9CEB8-8B4A-11D0-8D11-00A0C91BC942}") = "Diligent-GraphicsEngineOpenGL-static", "..\..\..\DiligentCore\Graphics\GraphicsEngineOpenGL\Diligent-GraphicsEngineOpenGL-static.vcxproj", "{66639B34-A421-36E8-8010-AE5BF0F2F015}"
	ProjectSection(ProjectDependencies) = postProject
		{5B3F7E2A-9038-3748-B113-BDB35923E1AE} = {5B3F7E2A-9038-3748-B113-BDB35923E1AE}
		{B63ECA99-4DD2-3D06-84FF-268F891488FC} = {B63ECA99-4DD2-3D06-84FF-268F891488FC}
		{79A18E42-0CD6-3CC7-85A9-37CD6D9543E6} = {79A18E42-0CD6-3CC7-85A9-37CD6D9543E6}
		{F632DE7C-EC6E-3FF6-BDEA-717BDBC9ABAC} = {F632DE7C-EC6E-3FF6-BDEA-717BDBC9ABAC}
		{A8313FDA-69B9-38A5-8B97-2AA51CD24C30} = {A8313FDA-69B9-38A5-8B97-2AA51CD24C30}
		{B5C8A255-0438-35D1-B98E-1C0B53F37D81} = {B5C8A255-0438-35D1-B98E-1C0B53F37D81}
		{8491726A-2546-3E6E-A5EE-32E8E9A20EBB} = {8491726A-2546-3E6E-A5EE-32E8E9A20EBB}
		{7322B25D-CECA-357A-9BC3-0EF2A0FB3065} = {7322B25D-CECA-357A-9BC3-0EF2A0FB3065}
		{FB82B861-5C47-314D-A8B9-708C5A2738B4} = {FB82B861-5C47-314D-A8B9-708C5A2738B4}
		{9077CB1F-C0F0-3D2A-AA73-308A80CC72ED} = {9077CB1F-C0F0-3D2A-AA73-308A80CC72ED}
		{8EE78A36-264F-399F-B3DC-4A8DEE047AF0} = {8EE78A36-264F-399F-B3DC-4A8DEE047AF0}
		{F593F915-DFEC-32B0-96C1-A0E57ACC0067} = {F593F915-DFEC-32B0-96C1-A0E57ACC0067}
		{C5036225-2020-3E02-ABB3-9338BAE47021} = {C5036225-2020-3E02-ABB3-9338BAE47021}
		{C4C8CC84-7287-355F-9350-84D5382AF80B} = {C4C8CC84-7287-355F-9350-84D5382AF80B}
	EndProjectSection
EndProject
Project("{8BC9CEB8-8B4A-11D0-8D11-00A0C91BC942}") = "Diligent-GraphicsEngineVk-shared", "..\..\..\DiligentCore\Graphics\GraphicsEngineVulkan\Diligent-GraphicsEngineVk-shared.vcxproj", "{8F81ECB5-CFD9-3AED-A4F1-5F310D67CA69}"
	ProjectSection(ProjectDependencies) = postProject
		{5B3F7E2A-9038-3748-B113-BDB35923E1AE} = {5B3F7E2A-9038-3748-B113-BDB35923E1AE}
		{B63ECA99-4DD2-3D06-84FF-268F891488FC} = {B63ECA99-4DD2-3D06-84FF-268F891488FC}
		{79A18E42-0CD6-3CC7-85A9-37CD6D9543E6} = {79A18E42-0CD6-3CC7-85A9-37CD6D9543E6}
		{F632DE7C-EC6E-3FF6-BDEA-717BDBC9ABAC} = {F632DE7C-EC6E-3FF6-BDEA-717BDBC9ABAC}
		{D82A2BD5-DB8B-3CE3-9C45-2B30965A676B} = {D82A2BD5-DB8B-3CE3-9C45-2B30965A676B}
		{93286332-99B1-3BE7-97F4-743EB688193E} = {93286332-99B1-3BE7-97F4-743EB688193E}
		{A8313FDA-69B9-38A5-8B97-2AA51CD24C30} = {A8313FDA-69B9-38A5-8B97-2AA51CD24C30}
		{B5C8A255-0438-35D1-B98E-1C0B53F37D81} = {B5C8A255-0438-35D1-B98E-1C0B53F37D81}
		{8491726A-2546-3E6E-A5EE-32E8E9A20EBB} = {8491726A-2546-3E6E-A5EE-32E8E9A20EBB}
		{7322B25D-CECA-357A-9BC3-0EF2A0FB3065} = {7322B25D-CECA-357A-9BC3-0EF2A0FB3065}
		{FB82B861-5C47-314D-A8B9-708C5A2738B4} = {FB82B861-5C47-314D-A8B9-708C5A2738B4}
		{9077CB1F-C0F0-3D2A-AA73-308A80CC72ED} = {9077CB1F-C0F0-3D2A-AA73-308A80CC72ED}
		{8EE78A36-264F-399F-B3DC-4A8DEE047AF0} = {8EE78A36-264F-399F-B3DC-4A8DEE047AF0}
		{C5036225-2020-3E02-ABB3-9338BAE47021} = {C5036225-2020-3E02-ABB3-9338BAE47021}
		{C4C8CC84-7287-355F-9350-84D5382AF80B} = {C4C8CC84-7287-355F-9350-84D5382AF80B}
	EndProjectSection
EndProject
Project("{8BC9CEB8-8B4A-11D0-8D11-00A0C91BC942}") = "Diligent-GraphicsEngineVk-static", "..\..\..\DiligentCore\Graphics\GraphicsEngineVulkan\Diligent-GraphicsEngineVk-static.vcxproj", "{93286332-99B1-3BE7-97F4-743EB688193E}"
	ProjectSection(ProjectDependencies) = postProject
		{5B3F7E2A-9038-3748-B113-BDB35923E1AE} = {5B3F7E2A-9038-3748-B113-BDB35923E1AE}
		{B63ECA99-4DD2-3D06-84FF-268F891488FC} = {B63ECA99-4DD2-3D06-84FF-268F891488FC}
		{79A18E42-0CD6-3CC7-85A9-37CD6D9543E6} = {79A18E42-0CD6-3CC7-85A9-37CD6D9543E6}
		{F632DE7C-EC6E-3FF6-BDEA-717BDBC9ABAC} = {F632DE7C-EC6E-3FF6-BDEA-717BDBC9ABAC}
		{D82A2BD5-DB8B-3CE3-9C45-2B30965A676B} = {D82A2BD5-DB8B-3CE3-9C45-2B30965A676B}
		{A8313FDA-69B9-38A5-8B97-2AA51CD24C30} = {A8313FDA-69B9-38A5-8B97-2AA51CD24C30}
		{B5C8A255-0438-35D1-B98E-1C0B53F37D81} = {B5C8A255-0438-35D1-B98E-1C0B53F37D81}
		{8491726A-2546-3E6E-A5EE-32E8E9A20EBB} = {8491726A-2546-3E6E-A5EE-32E8E9A20EBB}
		{7322B25D-CECA-357A-9BC3-0EF2A0FB3065} = {7322B25D-CECA-357A-9BC3-0EF2A0FB3065}
		{FB82B861-5C47-314D-A8B9-708C5A2738B4} = {FB82B861-5C47-314D-A8B9-708C5A2738B4}
		{9077CB1F-C0F0-3D2A-AA73-308A80CC72ED} = {9077CB1F-C0F0-3D2A-AA73-308A80CC72ED}
		{8EE78A36-264F-399F-B3DC-4A8DEE047AF0} = {8EE78A36-264F-399F-B3DC-4A8DEE047AF0}
		{C5036225-2020-3E02-ABB3-9338BAE47021} = {C5036225-2020-3E02-ABB3-9338BAE47021}
		{C4C8CC84-7287-355F-9350-84D5382AF80B} = {C4C8CC84-7287-355F-9350-84D5382AF80B}
	EndProjectSection
EndProject
Project("{8BC9CEB8-8B4A-11D0-8D11-00A0C91BC942}") = "Diligent-GraphicsTools", "..\..\..\DiligentCore\Graphics\GraphicsTools\Diligent-GraphicsTools.vcxproj", "{F71E579E-C063-3874-BCE5-C1A2E12226CA}"
	ProjectSection(ProjectDependencies) = postProject
		{2B3D58F4-50A0-3F3C-9913-DE2A440F0981} = {2B3D58F4-50A0-3F3C-9913-DE2A440F0981}
		{5B3F7E2A-9038-3748-B113-BDB35923E1AE} = {5B3F7E2A-9038-3748-B113-BDB35923E1AE}
		{B63ECA99-4DD2-3D06-84FF-268F891488FC} = {B63ECA99-4DD2-3D06-84FF-268F891488FC}
		{79A18E42-0CD6-3CC7-85A9-37CD6D9543E6} = {79A18E42-0CD6-3CC7-85A9-37CD6D9543E6}
		{F632DE7C-EC6E-3FF6-BDEA-717BDBC9ABAC} = {F632DE7C-EC6E-3FF6-BDEA-717BDBC9ABAC}
		{AA6A0530-13A5-3D1D-A53C-EC7C66BB5721} = {AA6A0530-13A5-3D1D-A53C-EC7C66BB5721}
		{6CC7D228-5358-3F39-8397-6EF954A780A7} = {6CC7D228-5358-3F39-8397-6EF954A780A7}
		{9851A6BD-AE2C-38AE-AC11-DF990DFA8AF4} = {9851A6BD-AE2C-38AE-AC11-DF990DFA8AF4}
		{D82A2BD5-DB8B-3CE3-9C45-2B30965A676B} = {D82A2BD5-DB8B-3CE3-9C45-2B30965A676B}
		{66639B34-A421-36E8-8010-AE5BF0F2F015} = {66639B34-A421-36E8-8010-AE5BF0F2F015}
		{93286332-99B1-3BE7-97F4-743EB688193E} = {93286332-99B1-3BE7-97F4-743EB688193E}
		{A8313FDA-69B9-38A5-8B97-2AA51CD24C30} = {A8313FDA-69B9-38A5-8B97-2AA51CD24C30}
		{B5C8A255-0438-35D1-B98E-1C0B53F37D81} = {B5C8A255-0438-35D1-B98E-1C0B53F37D81}
		{8491726A-2546-3E6E-A5EE-32E8E9A20EBB} = {8491726A-2546-3E6E-A5EE-32E8E9A20EBB}
		{7322B25D-CECA-357A-9BC3-0EF2A0FB3065} = {7322B25D-CECA-357A-9BC3-0EF2A0FB3065}
		{FB82B861-5C47-314D-A8B9-708C5A2738B4} = {FB82B861-5C47-314D-A8B9-708C5A2738B4}
		{9077CB1F-C0F0-3D2A-AA73-308A80CC72ED} = {9077CB1F-C0F0-3D2A-AA73-308A80CC72ED}
		{8EE78A36-264F-399F-B3DC-4A8DEE047AF0} = {8EE78A36-264F-399F-B3DC-4A8DEE047AF0}
		{F593F915-DFEC-32B0-96C1-A0E57ACC0067} = {F593F915-DFEC-32B0-96C1-A0E57ACC0067}
		{C5036225-2020-3E02-ABB3-9338BAE47021} = {C5036225-2020-3E02-ABB3-9338BAE47021}
		{C4C8CC84-7287-355F-9350-84D5382AF80B} = {C4C8CC84-7287-355F-9350-84D5382AF80B}
		{9E8CD8DF-AAD2-3025-A94F-7CCAE9360940} = {9E8CD8DF-AAD2-3025-A94F-7CCAE9360940}
		{4B6C8A8F-02AC-34E5-92AF-F03D3BB2F296} = {4B6C8A8F-02AC-34E5-92AF-F03D3BB2F296}
	EndProjectSection
EndProject
Project("{8BC9CEB8-8B4A-11D0-8D11-00A0C91BC942}") = "Diligent-HLSL2GLSLConverterLib", "..\..\..\DiligentCore\Graphics\HLSL2GLSLConverterLib\Diligent-HLSL2GLSLConverterLib.vcxproj", "{A8313FDA-69B9-38A5-8B97-2AA51CD24C30}"
	ProjectSection(ProjectDependencies) = postProject
		{A1E50F86-46BF-3714-8AA0-D6FBA12A6B3D} = {A1E50F86-46BF-3714-8AA0-D6FBA12A6B3D}
	EndProjectSection
EndProject
Project("{8BC9CEB8-8B4A-11D0-8D11-00A0C91BC942}") = "Diligent-Imgui", "..\..\..\DiligentTools\Imgui\Diligent-Imgui.vcxproj", "{DE90F504-9771-34FA-BDF8-1FF6BD3AF7C8}"
	ProjectSection(ProjectDependencies) = postProject
		{2B3D58F4-50A0-3F3C-9913-DE2A440F0981} = {2B3D58F4-50A0-3F3C-9913-DE2A440F0981}
		{5B3F7E2A-9038-3748-B113-BDB35923E1AE} = {5B3F7E2A-9038-3748-B113-BDB35923E1AE}
		{B63ECA99-4DD2-3D06-84FF-268F891488FC} = {B63ECA99-4DD2-3D06-84FF-268F891488FC}
		{79A18E42-0CD6-3CC7-85A9-37CD6D9543E6} = {79A18E42-0CD6-3CC7-85A9-37CD6D9543E6}
		{F632DE7C-EC6E-3FF6-BDEA-717BDBC9ABAC} = {F632DE7C-EC6E-3FF6-BDEA-717BDBC9ABAC}
		{AA6A0530-13A5-3D1D-A53C-EC7C66BB5721} = {AA6A0530-13A5-3D1D-A53C-EC7C66BB5721}
		{6CC7D228-5358-3F39-8397-6EF954A780A7} = {6CC7D228-5358-3F39-8397-6EF954A780A7}
		{9851A6BD-AE2C-38AE-AC11-DF990DFA8AF4} = {9851A6BD-AE2C-38AE-AC11-DF990DFA8AF4}
		{D82A2BD5-DB8B-3CE3-9C45-2B30965A676B} = {D82A2BD5-DB8B-3CE3-9C45-2B30965A676B}
		{66639B34-A421-36E8-8010-AE5BF0F2F015} = {66639B34-A421-36E8-8010-AE5BF0F2F015}
		{93286332-99B1-3BE7-97F4-743EB688193E} = {93286332-99B1-3BE7-97F4-743EB688193E}
		{F71E579E-C063-3874-BCE5-C1A2E12226CA} = {F71E579E-C063-3874-BCE5-C1A2E12226CA}
		{A8313FDA-69B9-38A5-8B97-2AA51CD24C30} = {A8313FDA-69B9-38A5-8B97-2AA51CD24C30}
		{B5C8A255-0438-35D1-B98E-1C0B53F37D81} = {B5C8A255-0438-35D1-B98E-1C0B53F37D81}
		{8491726A-2546-3E6E-A5EE-32E8E9A20EBB} = {8491726A-2546-3E6E-A5EE-32E8E9A20EBB}
		{7322B25D-CECA-357A-9BC3-0EF2A0FB3065} = {7322B25D-CECA-357A-9BC3-0EF2A0FB3065}
		{FB82B861-5C47-314D-A8B9-708C5A2738B4} = {FB82B861-5C47-314D-A8B9-708C5A2738B4}
		{9077CB1F-C0F0-3D2A-AA73-308A80CC72ED} = {9077CB1F-C0F0-3D2A-AA73-308A80CC72ED}
		{8EE78A36-264F-399F-B3DC-4A8DEE047AF0} = {8EE78A36-264F-399F-B3DC-4A8DEE047AF0}
		{F593F915-DFEC-32B0-96C1-A0E57ACC0067} = {F593F915-DFEC-32B0-96C1-A0E57ACC0067}
		{C5036225-2020-3E02-ABB3-9338BAE47021} = {C5036225-2020-3E02-ABB3-9338BAE47021}
		{C4C8CC84-7287-355F-9350-84D5382AF80B} = {C4C8CC84-7287-355F-9350-84D5382AF80B}
		{9E8CD8DF-AAD2-3025-A94F-7CCAE9360940} = {9E8CD8DF-AAD2-3025-A94F-7CCAE9360940}
		{4B6C8A8F-02AC-34E5-92AF-F03D3BB2F296} = {4B6C8A8F-02AC-34E5-92AF-F03D3BB2F296}
	EndProjectSection
EndProject
Project("{8BC9CEB8-8B4A-11D0-8D11-00A0C91BC942}") = "Diligent-NativeAppBase", "..\..\..\DiligentTools\NativeApp\Diligent-NativeAppBase.vcxproj", "{4F7F0930-EC3C-36CA-B6B4-B191245F7820}"
	ProjectSection(ProjectDependencies) = postProject
		{5B3F7E2A-9038-3748-B113-BDB35923E1AE} = {5B3F7E2A-9038-3748-B113-BDB35923E1AE}
		{B63ECA99-4DD2-3D06-84FF-268F891488FC} = {B63ECA99-4DD2-3D06-84FF-268F891488FC}
		{B5C8A255-0438-35D1-B98E-1C0B53F37D81} = {B5C8A255-0438-35D1-B98E-1C0B53F37D81}
		{8491726A-2546-3E6E-A5EE-32E8E9A20EBB} = {8491726A-2546-3E6E-A5EE-32E8E9A20EBB}
		{8EE78A36-264F-399F-B3DC-4A8DEE047AF0} = {8EE78A36-264F-399F-B3DC-4A8DEE047AF0}
	EndProjectSection
EndProject
Project("{8BC9CEB8-8B4A-11D0-8D11-00A0C91BC942}") = "Diligent-Primitives", "..\..\..\DiligentCore\Primitives\Diligent-Primitives.vcxproj", "{B5C8A255-0438-35D1-B98E-1C0B53F37D81}"
	ProjectSection(ProjectDependencies) = postProject
		{8EE78A36-264F-399F-B3DC-4A8DEE047AF0} = {8EE78A36-264F-399F-B3DC-4A8DEE047AF0}
	EndProjectSection
EndProject
Project("{8BC9CEB8-8B4A-11D0-8D11-00A0C91BC942}") = "Diligent-SampleBase", "..\..\SampleBase\Diligent-SampleBase.vcxproj", "{B5901437-59E0-39BB-B8FF-7704976CDF0A}"
	ProjectSection(ProjectDependencies) = postProject
		{2B3D58F4-50A0-3F3C-9913-DE2A440F0981} = {2B3D58F4-50A0-3F3C-9913-DE2A440F0981}
		{5B3F7E2A-9038-3748-B113-BDB35923E1AE} = {5B3F7E2A-9038-3748-B113-BDB35923E1AE}
		{B63ECA99-4DD2-3D06-84FF-268F891488FC} = {B63ECA99-4DD2-3D06-84FF-268F891488FC}
		{79A18E42-0CD6-3CC7-85A9-37CD6D9543E6} = {79A18E42-0CD6-3CC7-85A9-37CD6D9543E6}
		{F632DE7C-EC6E-3FF6-BDEA-717BDBC9ABAC} = {F632DE7C-EC6E-3FF6-BDEA-717BDBC9ABAC}
		{0B4996FD-D616-3F93-A39D-1E76BE06F7C2} = {0B4996FD-D616-3F93-A39D-1E76BE06F7C2}
		{AA6A0530-13A5-3D1D-A53C-EC7C66BB5721} = {AA6A0530-13A5-3D1D-A53C-EC7C66BB5721}
		{52769A31-A136-3045-AC99-A337BB5C7E99} = {52769A31-A136-3045-AC99-A337BB5C7E99}
		{6CC7D228-5358-3F39-8397-6EF954A780A7} = {6CC7D228-5358-3F39-8397-6EF954A780A7}
		{9851A6BD-AE2C-38AE-AC11-DF990DFA8AF4} = {9851A6BD-AE2C-38AE-AC11-DF990DFA8AF4}
		{D82A2BD5-DB8B-3CE3-9C45-2B30965A676B} = {D82A2BD5-DB8B-3CE3-9C45-2B30965A676B}
		{4DA84D7B-8363-314D-BBF7-797BDDC521B3} = {4DA84D7B-8363-314D-BBF7-797BDDC521B3}
		{66639B34-A421-36E8-8010-AE5BF0F2F015} = {66639B34-A421-36E8-8010-AE5BF0F2F015}
		{8F81ECB5-CFD9-3AED-A4F1-5F310D67CA69} = {8F81ECB5-CFD9-3AED-A4F1-5F310D67CA69}
		{93286332-99B1-3BE7-97F4-743EB688193E} = {93286332-99B1-3BE7-97F4-743EB688193E}
		{F71E579E-C063-3874-BCE5-C1A2E12226CA} = {F71E579E-C063-3874-BCE5-C1A2E12226CA}
		{A8313FDA-69B9-38A5-8B97-2AA51CD24C30} = {A8313FDA-69B9-38A5-8B97-2AA51CD24C30}
		{DE90F504-9771-34FA-BDF8-1FF6BD3AF7C8} = {DE90F504-9771-34FA-BDF8-1FF6BD3AF7C8}
		{4F7F0930-EC3C-36CA-B6B4-B191245F7820} = {4F7F0930-EC3C-36CA-B6B4-B191245F7820}
		{B5C8A255-0438-35D1-B98E-1C0B53F37D81} = {B5C8A255-0438-35D1-B98E-1C0B53F37D81}
		{401905FC-05E2-3466-B7FC-B3D780362276} = {401905FC-05E2-3466-B7FC-B3D780362276}
		{8491726A-2546-3E6E-A5EE-32E8E9A20EBB} = {8491726A-2546-3E6E-A5EE-32E8E9A20EBB}
		{D6BBA12D-09D8-3D55-A4F0-AF038F290DC6} = {D6BBA12D-09D8-3D55-A4F0-AF038F290DC6}
		{0ECECAC0-459F-3211-A576-8154BCEB3078} = {0ECECAC0-459F-3211-A576-8154BCEB3078}
		{7322B25D-CECA-357A-9BC3-0EF2A0FB3065} = {7322B25D-CECA-357A-9BC3-0EF2A0FB3065}
		{FB82B861-5C47-314D-A8B9-708C5A2738B4} = {FB82B861-5C47-314D-A8B9-708C5A2738B4}
		{9077CB1F-C0F0-3D2A-AA73-308A80CC72ED} = {9077CB1F-C0F0-3D2A-AA73-308A80CC72ED}
		{8EE78A36-264F-399F-B3DC-4A8DEE047AF0} = {8EE78A36-264F-399F-B3DC-4A8DEE047AF0}
		{4872769C-2F74-3C70-8704-EA67D3886DCB} = {4872769C-2F74-3C70-8704-EA67D3886DCB}
		{F593F915-DFEC-32B0-96C1-A0E57ACC0067} = {F593F915-DFEC-32B0-96C1-A0E57ACC0067}
		{C5036225-2020-3E02-ABB3-9338BAE47021} = {C5036225-2020-3E02-ABB3-9338BAE47021}
		{E3F37253-0BC3-3FE1-AF3A-2EA350DB0AD1} = {E3F37253-0BC3-3FE1-AF3A-2EA350DB0AD1}
		{C4C8CC84-7287-355F-9350-84D5382AF80B} = {C4C8CC84-7287-355F-9350-84D5382AF80B}
		{9E8CD8DF-AAD2-3025-A94F-7CCAE9360940} = {9E8CD8DF-AAD2-3025-A94F-7CCAE9360940}
		{4B6C8A8F-02AC-34E5-92AF-F03D3BB2F296} = {4B6C8A8F-02AC-34E5-92AF-F03D3BB2F296}
	EndProjectSection
EndProject
Project("{8BC9CEB8-8B4A-11D0-8D11-00A0C91BC942}") = "Diligent-ShaderTools", "..\..\..\DiligentCore\Graphics\ShaderTools\Diligent-ShaderTools.vcxproj", "{A1E50F86-46BF-3714-8AA0-D6FBA12A6B3D}"
	ProjectSection(ProjectDependencies) = postProject
		{5B3F7E2A-9038-3748-B113-BDB35923E1AE} = {5B3F7E2A-9038-3748-B113-BDB35923E1AE}
		{B63ECA99-4DD2-3D06-84FF-268F891488FC} = {B63ECA99-4DD2-3D06-84FF-268F891488FC}
		{79A18E42-0CD6-3CC7-85A9-37CD6D9543E6} = {79A18E42-0CD6-3CC7-85A9-37CD6D9543E6}
		{F632DE7C-EC6E-3FF6-BDEA-717BDBC9ABAC} = {F632DE7C-EC6E-3FF6-BDEA-717BDBC9ABAC}
		{B5C8A255-0438-35D1-B98E-1C0B53F37D81} = {B5C8A255-0438-35D1-B98E-1C0B53F37D81}
		{8491726A-2546-3E6E-A5EE-32E8E9A20EBB} = {8491726A-2546-3E6E-A5EE-32E8E9A20EBB}
		{7322B25D-CECA-357A-9BC3-0EF2A0FB3065} = {7322B25D-CECA-357A-9BC3-0EF2A0FB3065}
		{FB82B861-5C47-314D-A8B9-708C5A2738B4} = {FB82B861-5C47-314D-A8B9-708C5A2738B4}
		{9077CB1F-C0F0-3D2A-AA73-308A80CC72ED} = {9077CB1F-C0F0-3D2A-AA73-308A80CC72ED}
		{8EE78A36-264F-399F-B3DC-4A8DEE047AF0} = {8EE78A36-264F-399F-B3DC-4A8DEE047AF0}
		{C5036225-2020-3E02-ABB3-9338BAE47021} = {C5036225-2020-3E02-ABB3-9338BAE47021}
		{C4C8CC84-7287-355F-9350-84D5382AF80B} = {C4C8CC84-7287-355F-9350-84D5382AF80B}
	EndProjectSection
EndProject
Project("{8BC9CEB8-8B4A-11D0-8D11-00A0C91BC942}") = "Diligent-TextureLoader", "..\..\..\DiligentTools\TextureLoader\Diligent-TextureLoader.vcxproj", "{401905FC-05E2-3466-B7FC-B3D780362276}"
	ProjectSection(ProjectDependencies) = postProject
		{2B3D58F4-50A0-3F3C-9913-DE2A440F0981} = {2B3D58F4-50A0-3F3C-9913-DE2A440F0981}
		{5B3F7E2A-9038-3748-B113-BDB35923E1AE} = {5B3F7E2A-9038-3748-B113-BDB35923E1AE}
		{B63ECA99-4DD2-3D06-84FF-268F891488FC} = {B63ECA99-4DD2-3D06-84FF-268F891488FC}
		{79A18E42-0CD6-3CC7-85A9-37CD6D9543E6} = {79A18E42-0CD6-3CC7-85A9-37CD6D9543E6}
		{F632DE7C-EC6E-3FF6-BDEA-717BDBC9ABAC} = {F632DE7C-EC6E-3FF6-BDEA-717BDBC9ABAC}
		{AA6A0530-13A5-3D1D-A53C-EC7C66BB5721} = {AA6A0530-13A5-3D1D-A53C-EC7C66BB5721}
		{6CC7D228-5358-3F39-8397-6EF954A780A7} = {6CC7D228-5358-3F39-8397-6EF954A780A7}
		{9851A6BD-AE2C-38AE-AC11-DF990DFA8AF4} = {9851A6BD-AE2C-38AE-AC11-DF990DFA8AF4}
		{D82A2BD5-DB8B-3CE3-9C45-2B30965A676B} = {D82A2BD5-DB8B-3CE3-9C45-2B30965A676B}
		{66639B34-A421-36E8-8010-AE5BF0F2F015} = {66639B34-A421-36E8-8010-AE5BF0F2F015}
		{93286332-99B1-3BE7-97F4-743EB688193E} = {93286332-99B1-3BE7-97F4-743EB688193E}
		{F71E579E-C063-3874-BCE5-C1A2E12226CA} = {F71E579E-C063-3874-BCE5-C1A2E12226CA}
		{A8313FDA-69B9-38A5-8B97-2AA51CD24C30} = {A8313FDA-69B9-38A5-8B97-2AA51CD24C30}
		{B5C8A255-0438-35D1-B98E-1C0B53F37D81} = {B5C8A255-0438-35D1-B98E-1C0B53F37D81}
		{8491726A-2546-3E6E-A5EE-32E8E9A20EBB} = {8491726A-2546-3E6E-A5EE-32E8E9A20EBB}
		{D6BBA12D-09D8-3D55-A4F0-AF038F290DC6} = {D6BBA12D-09D8-3D55-A4F0-AF038F290DC6}
		{0ECECAC0-459F-3211-A576-8154BCEB3078} = {0ECECAC0-459F-3211-A576-8154BCEB3078}
		{7322B25D-CECA-357A-9BC3-0EF2A0FB3065} = {7322B25D-CECA-357A-9BC3-0EF2A0FB3065}
		{FB82B861-5C47-314D-A8B9-708C5A2738B4} = {FB82B861-5C47-314D-A8B9-708C5A2738B4}
		{9077CB1F-C0F0-3D2A-AA73-308A80CC72ED} = {9077CB1F-C0F0-3D2A-AA73-308A80CC72ED}
		{8EE78A36-264F-399F-B3DC-4A8DEE047AF0} = {8EE78A36-264F-399F-B3DC-4A8DEE047AF0}
		{4872769C-2F74-3C70-8704-EA67D3886DCB} = {4872769C-2F74-3C70-8704-EA67D3886DCB}
		{F593F915-DFEC-32B0-96C1-A0E57ACC0067} = {F593F915-DFEC-32B0-96C1-A0E57ACC0067}
		{C5036225-2020-3E02-ABB3-9338BAE47021} = {C5036225-2020-3E02-ABB3-9338BAE47021}
		{E3F37253-0BC3-3FE1-AF3A-2EA350DB0AD1} = {E3F37253-0BC3-3FE1-AF3A-2EA350DB0AD1}
		{C4C8CC84-7287-355F-9350-84D5382AF80B} = {C4C8CC84-7287-355F-9350-84D5382AF80B}
		{9E8CD8DF-AAD2-3025-A94F-7CCAE9360940} = {9E8CD8DF-AAD2-3025-A94F-7CCAE9360940}
		{4B6C8A8F-02AC-34E5-92AF-F03D3BB2F296} = {4B6C8A8F-02AC-34E5-92AF-F03D3BB2F296}
	EndProjectSection
EndProject
Project("{8BC9CEB8-8B4A-11D0-8D11-00A0C91BC942}") = "Diligent-Win32Platform", "..\..\..\DiligentCore\Platforms\Win32\Diligent-Win32Platform.vcxproj", "{8491726A-2546-3E6E-A5EE-32E8E9A20EBB}"
	ProjectSection(ProjectDependencies) = postProject
		{5B3F7E2A-9038-3748-B113-BDB35923E1AE} = {5B3F7E2A-9038-3748-B113-BDB35923E1AE}
		{B5C8A255-0438-35D1-B98E-1C0B53F37D81} = {B5C8A255-0438-35D1-B98E-1C0B53F37D81}
		{8EE78A36-264F-399F-B3DC-4A8DEE047AF0} = {8EE78A36-264F-399F-B3DC-4A8DEE047AF0}
	EndProjectSection
EndProject
Project("{8BC9CEB8-8B4A-11D0-8D11-00A0C91BC942}") = "INSTALL", "INSTALL.vcxproj", "{31A2A39E-E070-3EAE-822D-9C8FA7C50750}"
	ProjectSection(ProjectDependencies) = postProject
		{7C5DF768-7DFD-3DB3-8495-D63933A2159A} = {7C5DF768-7DFD-3DB3-8495-D63933A2159A}
		{8EE78A36-264F-399F-B3DC-4A8DEE047AF0} = {8EE78A36-264F-399F-B3DC-4A8DEE047AF0}
	EndProjectSection
EndProject
Project("{8BC9CEB8-8B4A-11D0-8D11-00A0C91BC942}") = "LibJpeg", "..\..\..\DiligentTools\ThirdParty\libjpeg-9e\LibJpeg.vcxproj", "{D6BBA12D-09D8-3D55-A4F0-AF038F290DC6}"
	ProjectSection(ProjectDependencies) = postProject
		{8EE78A36-264F-399F-B3DC-4A8DEE047AF0} = {8EE78A36-264F-399F-B3DC-4A8DEE047AF0}
	EndProjectSection
EndProject
Project("{8BC9CEB8-8B4A-11D0-8D11-00A0C91BC942}") = "LibTiff", "..\..\..\DiligentTools\ThirdParty\libtiff\LibTiff.vcxproj", "{0ECECAC0-459F-3211-A576-8154BCEB3078}"
	ProjectSection(ProjectDependencies) = postProject
		{8EE78A36-264F-399F-B3DC-4A8DEE047AF0} = {8EE78A36-264F-399F-B3DC-4A8DEE047AF0}
	EndProjectSection
EndProject
Project("{8BC9CEB8-8B4A-11D0-8D11-00A0C91BC942}") = "PACKAGE", "PACKAGE.vcxproj", "{02CCA560-B384-354A-977A-737A40B49184}"
	ProjectSection(ProjectDependencies) = postProject
		{7C5DF768-7DFD-3DB3-8495-D63933A2159A} = {7C5DF768-7DFD-3DB3-8495-D63933A2159A}
		{8EE78A36-264F-399F-B3DC-4A8DEE047AF0} = {8EE78A36-264F-399F-B3DC-4A8DEE047AF0}
	EndProjectSection
EndProject
Project("{8BC9CEB8-8B4A-11D0-8D11-00A0C91BC942}") = "SPIRV", "..\..\..\DiligentCore\ThirdParty\glslang\SPIRV\SPIRV.vcxproj", "{7322B25D-CECA-357A-9BC3-0EF2A0FB3065}"
	ProjectSection(ProjectDependencies) = postProject
		{FB82B861-5C47-314D-A8B9-708C5A2738B4} = {FB82B861-5C47-314D-A8B9-708C5A2738B4}
		{9077CB1F-C0F0-3D2A-AA73-308A80CC72ED} = {9077CB1F-C0F0-3D2A-AA73-308A80CC72ED}
		{8EE78A36-264F-399F-B3DC-4A8DEE047AF0} = {8EE78A36-264F-399F-B3DC-4A8DEE047AF0}
	EndProjectSection
EndProject
Project("{8BC9CEB8-8B4A-11D0-8D11-00A0C91BC942}") = "SPIRV-Tools-opt", "..\..\..\DiligentCore\ThirdParty\SPIRV-Tools\source\opt\SPIRV-Tools-opt.vcxproj", "{FB82B861-5C47-314D-A8B9-708C5A2738B4}"
	ProjectSection(ProjectDependencies) = postProject
		{9077CB1F-C0F0-3D2A-AA73-308A80CC72ED} = {9077CB1F-C0F0-3D2A-AA73-308A80CC72ED}
		{8EE78A36-264F-399F-B3DC-4A8DEE047AF0} = {8EE78A36-264F-399F-B3DC-4A8DEE047AF0}
	EndProjectSection
EndProject
Project("{8BC9CEB8-8B4A-11D0-8D11-00A0C91BC942}") = "SPIRV-Tools-static", "..\..\..\DiligentCore\ThirdParty\SPIRV-Tools\source\SPIRV-Tools-static.vcxproj", "{9077CB1F-C0F0-3D2A-AA73-308A80CC72ED}"
	ProjectSection(ProjectDependencies) = postProject
		{8EE78A36-264F-399F-B3DC-4A8DEE047AF0} = {8EE78A36-264F-399F-B3DC-4A8DEE047AF0}
		{EDF72001-511C-37EC-B7A9-343C0D221D01} = {EDF72001-511C-37EC-B7A9-343C0D221D01}
		{057DD8E0-FFA8-3BA3-8651-C0BE977C4705} = {057DD8E0-FFA8-3BA3-8651-C0BE977C4705}
		{0730DF3D-ABFD-350E-8891-8F61DB5558FA} = {0730DF3D-ABFD-350E-8891-8F61DB5558FA}
		{B7D0E94B-0901-33B6-A069-8AF16441EC30} = {B7D0E94B-0901-33B6-A069-8AF16441EC30}
	EndProjectSection
EndProject
Project("{8BC9CEB8-8B4A-11D0-8D11-00A0C91BC942}") = "Tutorial14_ComputeShader", "Tutorial14_ComputeShader.vcxproj", "{77044EB3-6FBD-37AA-9926-3B02076CACDA}"
	ProjectSection(ProjectDependencies) = postProject
		{C9553361-4607-361C-B77A-A4EF78014A90} = {C9553361-4607-361C-B77A-A4EF78014A90}
		{2B3D58F4-50A0-3F3C-9913-DE2A440F0981} = {2B3D58F4-50A0-3F3C-9913-DE2A440F0981}
		{5B3F7E2A-9038-3748-B113-BDB35923E1AE} = {5B3F7E2A-9038-3748-B113-BDB35923E1AE}
		{B63ECA99-4DD2-3D06-84FF-268F891488FC} = {B63ECA99-4DD2-3D06-84FF-268F891488FC}
		{79A18E42-0CD6-3CC7-85A9-37CD6D9543E6} = {79A18E42-0CD6-3CC7-85A9-37CD6D9543E6}
		{F632DE7C-EC6E-3FF6-BDEA-717BDBC9ABAC} = {F632DE7C-EC6E-3FF6-BDEA-717BDBC9ABAC}
		{0B4996FD-D616-3F93-A39D-1E76BE06F7C2} = {0B4996FD-D616-3F93-A39D-1E76BE06F7C2}
		{AA6A0530-13A5-3D1D-A53C-EC7C66BB5721} = {AA6A0530-13A5-3D1D-A53C-EC7C66BB5721}
		{52769A31-A136-3045-AC99-A337BB5C7E99} = {52769A31-A136-3045-AC99-A337BB5C7E99}
		{6CC7D228-5358-3F39-8397-6EF954A780A7} = {6CC7D228-5358-3F39-8397-6EF954A780A7}
		{9851A6BD-AE2C-38AE-AC11-DF990DFA8AF4} = {9851A6BD-AE2C-38AE-AC11-DF990DFA8AF4}
		{D82A2BD5-DB8B-3CE3-9C45-2B30965A676B} = {D82A2BD5-DB8B-3CE3-9C45-2B30965A676B}
		{4DA84D7B-8363-314D-BBF7-797BDDC521B3} = {4DA84D7B-8363-314D-BBF7-797BDDC521B3}
		{66639B34-A421-36E8-8010-AE5BF0F2F015} = {66639B34-A421-36E8-8010-AE5BF0F2F015}
		{8F81ECB5-CFD9-3AED-A4F1-5F310D67CA69} = {8F81ECB5-CFD9-3AED-A4F1-5F310D67CA69}
		{93286332-99B1-3BE7-97F4-743EB688193E} = {93286332-99B1-3BE7-97F4-743EB688193E}
		{F71E579E-C063-3874-BCE5-C1A2E12226CA} = {F71E579E-C063-3874-BCE5-C1A2E12226CA}
		{A8313FDA-69B9-38A5-8B97-2AA51CD24C30} = {A8313FDA-69B9-38A5-8B97-2AA51CD24C30}
		{DE90F504-9771-34FA-BDF8-1FF6BD3AF7C8} = {DE90F504-9771-34FA-BDF8-1FF6BD3AF7C8}
		{4F7F0930-EC3C-36CA-B6B4-B191245F7820} = {4F7F0930-EC3C-36CA-B6B4-B191245F7820}
		{B5C8A255-0438-35D1-B98E-1C0B53F37D81} = {B5C8A255-0438-35D1-B98E-1C0B53F37D81}
		{B5901437-59E0-39BB-B8FF-7704976CDF0A} = {B5901437-59E0-39BB-B8FF-7704976CDF0A}
		{401905FC-05E2-3466-B7FC-B3D780362276} = {401905FC-05E2-3466-B7FC-B3D780362276}
		{8491726A-2546-3E6E-A5EE-32E8E9A20EBB} = {8491726A-2546-3E6E-A5EE-32E8E9A20EBB}
		{D6BBA12D-09D8-3D55-A4F0-AF038F290DC6} = {D6BBA12D-09D8-3D55-A4F0-AF038F290DC6}
		{0ECECAC0-459F-3211-A576-8154BCEB3078} = {0ECECAC0-459F-3211-A576-8154BCEB3078}
		{7322B25D-CECA-357A-9BC3-0EF2A0FB3065} = {7322B25D-CECA-357A-9BC3-0EF2A0FB3065}
		{FB82B861-5C47-314D-A8B9-708C5A2738B4} = {FB82B861-5C47-314D-A8B9-708C5A2738B4}
		{9077CB1F-C0F0-3D2A-AA73-308A80CC72ED} = {9077CB1F-C0F0-3D2A-AA73-308A80CC72ED}
		{8EE78A36-264F-399F-B3DC-4A8DEE047AF0} = {8EE78A36-264F-399F-B3DC-4A8DEE047AF0}
		{4872769C-2F74-3C70-8704-EA67D3886DCB} = {4872769C-2F74-3C70-8704-EA67D3886DCB}
		{F593F915-DFEC-32B0-96C1-A0E57ACC0067} = {F593F915-DFEC-32B0-96C1-A0E57ACC0067}
		{C5036225-2020-3E02-ABB3-9338BAE47021} = {C5036225-2020-3E02-ABB3-9338BAE47021}
		{E3F37253-0BC3-3FE1-AF3A-2EA350DB0AD1} = {E3F37253-0BC3-3FE1-AF3A-2EA350DB0AD1}
		{C4C8CC84-7287-355F-9350-84D5382AF80B} = {C4C8CC84-7287-355F-9350-84D5382AF80B}
		{9E8CD8DF-AAD2-3025-A94F-7CCAE9360940} = {9E8CD8DF-AAD2-3025-A94F-7CCAE9360940}
		{4B6C8A8F-02AC-34E5-92AF-F03D3BB2F296} = {4B6C8A8F-02AC-34E5-92AF-F03D3BB2F296}
	EndProjectSection
EndProject
Project("{8BC9CEB8-8B4A-11D0-8D11-00A0C91BC942}") = "ZERO_CHECK", "..\..\..\\ZERO_CHECK.vcxproj", "{8EE78A36-264F-399F-B3DC-4A8DEE047AF0}"
	ProjectSection(ProjectDependencies) = postProject
	EndProjectSection
EndProject
Project("{8BC9CEB8-8B4A-11D0-8D11-00A0C91BC942}") = "ZLib", "..\..\..\DiligentTools\ThirdParty\ZLib.vcxproj", "{4872769C-2F74-3C70-8704-EA67D3886DCB}"
	ProjectSection(ProjectDependencies) = postProject
		{8EE78A36-264F-399F-B3DC-4A8DEE047AF0} = {8EE78A36-264F-399F-B3DC-4A8DEE047AF0}
	EndProjectSection
EndProject
Project("{8BC9CEB8-8B4A-11D0-8D11-00A0C91BC942}") = "core_tables", "..\..\..\DiligentCore\ThirdParty\SPIRV-Tools\source\core_tables.vcxproj", "{EDF72001-511C-37EC-B7A9-343C0D221D01}"
	ProjectSection(ProjectDependencies) = postProject
		{8EE78A36-264F-399F-B3DC-4A8DEE047AF0} = {8EE78A36-264F-399F-B3DC-4A8DEE047AF0}
	EndProjectSection
EndProject
Project("{8BC9CEB8-8B4A-11D0-8D11-00A0C91BC942}") = "enum_string_mapping", "..\..\..\DiligentCore\ThirdParty\SPIRV-Tools\source\enum_string_mapping.vcxproj", "{057DD8E0-FFA8-3BA3-8651-C0BE977C4705}"
	ProjectSection(ProjectDependencies) = postProject
		{8EE78A36-264F-399F-B3DC-4A8DEE047AF0} = {8EE78A36-264F-399F-B3DC-4A8DEE047AF0}
	EndProjectSection
EndProject
Project("{8BC9CEB8-8B4A-11D0-8D11-00A0C91BC942}") = "extinst_tables", "..\..\..\DiligentCore\ThirdParty\SPIRV-Tools\source\extinst_tables.vcxproj", "{0730DF3D-ABFD-350E-8891-8F61DB5558FA}"
	ProjectSection(ProjectDependencies) = postProject
		{8EE78A36-264F-399F-B3DC-4A8DEE047AF0} = {8EE78A36-264F-399F-B3DC-4A8DEE047AF0}
		{5F9943C7-0BCF-3D7B-9082-FD226C5743D5} = {5F9943C7-0BCF-3D7B-9082-FD226C5743D5}
		{E875FBD4-05D5-3F90-812F-B6754A710976} = {E875FBD4-05D5-3F90-812F-B6754A710976}
		{D9FD8450-CC16-35E7-8746-6B44A9213EDB} = {D9FD8450-CC16-35E7-8746-6B44A9213EDB}
		{D5CE6D93-986C-3510-A0A3-C47F79070B47} = {D5CE6D93-986C-3510-A0A3-C47F79070B47}
		{26C732B8-E845-3831-BF2E-10BF8693F294} = {26C732B8-E845-3831-BF2E-10BF8693F294}
		{28139B18-91DE-3D8A-83BE-0F461BC8AEC4} = {28139B18-91DE-3D8A-83BE-0F461BC8AEC4}
		{80F760F5-A0A3-3CBA-B619-1124B4C2EF29} = {80F760F5-A0A3-3CBA-B619-1124B4C2EF29}
		{C41F2AC6-77B4-3042-A680-F00757EDD49A} = {C41F2AC6-77B4-3042-A680-F00757EDD49A}
		{FC724DAC-711D-3268-9C22-A2CF1B89D724} = {FC724DAC-711D-3268-9C22-A2CF1B89D724}
		{796FDAC3-206D-3D1C-A9E2-D935F03FB8BA} = {796FDAC3-206D-3D1C-A9E2-D935F03FB8BA}
		{BEAD1EA5-CB06-30F9-83B9-07CC1114E7F2} = {BEAD1EA5-CB06-30F9-83B9-07CC1114E7F2}
		{7591040A-EE16-3E09-8753-A332139B5305} = {7591040A-EE16-3E09-8753-A332139B5305}
	EndProjectSection
EndProject
Project("{8BC9CEB8-8B4A-11D0-8D11-00A0C91BC942}") = "glew-static", "..\..\..\DiligentCore\ThirdParty\glew\glew-static.vcxproj", "{F593F915-DFEC-32B0-96C1-A0E57ACC0067}"
	ProjectSection(ProjectDependencies) = postProject
		{8EE78A36-264F-399F-B3DC-4A8DEE047AF0} = {8EE78A36-264F-399F-B3DC-4A8DEE047AF0}
	EndProjectSection
EndProject
Project("{8BC9CEB8-8B4A-11D0-8D11-00A0C91BC942}") = "glslang", "..\..\..\DiligentCore\ThirdParty\glslang\glslang\glslang.vcxproj", "{C5036225-2020-3E02-ABB3-9338BAE47021}"
	ProjectSection(ProjectDependencies) = postProject
		{FB82B861-5C47-314D-A8B9-708C5A2738B4} = {FB82B861-5C47-314D-A8B9-708C5A2738B4}
		{9077CB1F-C0F0-3D2A-AA73-308A80CC72ED} = {9077CB1F-C0F0-3D2A-AA73-308A80CC72ED}
		{8EE78A36-264F-399F-B3DC-4A8DEE047AF0} = {8EE78A36-264F-399F-B3DC-4A8DEE047AF0}
	EndProjectSection
EndProject
Project("{8BC9CEB8-8B4A-11D0-8D11-00A0C91BC942}") = "png_genfiles", "..\..\..\DiligentTools\ThirdParty\libpng\png_genfiles.vcxproj", "{8B9F1CED-30B6-3076-8315-179CC07A042A}"
	ProjectSection(ProjectDependencies) = postProject
		{8EE78A36-264F-399F-B3DC-4A8DEE047AF0} = {8EE78A36-264F-399F-B3DC-4A8DEE047AF0}
	EndProjectSection
EndProject
Project("{8BC9CEB8-8B4A-11D0-8D11-00A0C91BC942}") = "png_static", "..\..\..\DiligentTools\ThirdParty\libpng\png_static.vcxproj", "{E3F37253-0BC3-3FE1-AF3A-2EA350DB0AD1}"
	ProjectSection(ProjectDependencies) = postProject
		{8EE78A36-264F-399F-B3DC-4A8DEE047AF0} = {8EE78A36-264F-399F-B3DC-4A8DEE047AF0}
		{4872769C-2F74-3C70-8704-EA67D3886DCB} = {4872769C-2F74-3C70-8704-EA67D3886DCB}
		{8B9F1CED-30B6-3076-8315-179CC07A042A} = {8B9F1CED-30B6-3076-8315-179CC07A042A}
	EndProjectSection
EndProject
Project("{8BC9CEB8-8B4A-11D0-8D11-00A0C91BC942}") = "spirv-cross-core", "..\..\..\DiligentCore\ThirdParty\SPIRV-Cross\spirv-cross-core.vcxproj", "{C4C8CC84-7287-355F-9350-84D5382AF80B}"
	ProjectSection(ProjectDependencies) = postProject
		{8EE78A36-264F-399F-B3DC-4A8DEE047AF0} = {8EE78A36-264F-399F-B3DC-4A8DEE047AF0}
	EndProjectSection
EndProject
Project("{8BC9CEB8-8B4A-11D0-8D11-00A0C91BC942}") = "spirv-cross-glsl", "..\..\..\DiligentCore\ThirdParty\SPIRV-Cross\spirv-cross-glsl.vcxproj", "{9E8CD8DF-AAD2-3025-A94F-7CCAE9360940}"
	ProjectSection(ProjectDependencies) = postProject
		{8EE78A36-264F-399F-B3DC-4A8DEE047AF0} = {8EE78A36-264F-399F-B3DC-4A8DEE047AF0}
		{C4C8CC84-7287-355F-9350-84D5382AF80B} = {C4C8CC84-7287-355F-9350-84D5382AF80B}
	EndProjectSection
EndProject
Project("{8BC9CEB8-8B4A-11D0-8D11-00A0C91BC942}") = "spirv-tools-build-version", "..\..\..\DiligentCore\ThirdParty\SPIRV-Tools\source\spirv-tools-build-version.vcxproj", "{B7D0E94B-0901-33B6-A069-8AF16441EC30}"
	ProjectSection(ProjectDependencies) = postProject
		{8EE78A36-264F-399F-B3DC-4A8DEE047AF0} = {8EE78A36-264F-399F-B3DC-4A8DEE047AF0}
	EndProjectSection
EndProject
Project("{8BC9CEB8-8B4A-11D0-8D11-00A0C91BC942}") = "spirv-tools-header-DebugInfo", "..\..\..\DiligentCore\ThirdParty\SPIRV-Tools\source\spirv-tools-header-DebugInfo.vcxproj", "{5F9943C7-0BCF-3D7B-9082-FD226C5743D5}"
	ProjectSection(ProjectDependencies) = postProject
		{8EE78A36-264F-399F-B3DC-4A8DEE047AF0} = {8EE78A36-264F-399F-B3DC-4A8DEE047AF0}
	EndProjectSection
EndProject
Project("{8BC9CEB8-8B4A-11D0-8D11-00A0C91BC942}") = "spirv-tools-header-NonSemanticShaderDebugInfo100", "..\..\..\DiligentCore\ThirdParty\SPIRV-Tools\source\spirv-tools-header-NonSemanticShaderDebugInfo100.vcxproj", "{E875FBD4-05D5-3F90-812F-B6754A710976}"
	ProjectSection(ProjectDependencies) = postProject
		{8EE78A36-264F-399F-B3DC-4A8DEE047AF0} = {8EE78A36-264F-399F-B3DC-4A8DEE047AF0}
	EndProjectSection
EndProject
Project("{8BC9CEB8-8B4A-11D0-8D11-00A0C91BC942}") = "spirv-tools-header-OpenCLDebugInfo100", "..\..\..\DiligentCore\ThirdParty\SPIRV-Tools\source\spirv-tools-header-OpenCLDebugInfo100.vcxproj", "{D9FD8450-CC16-35E7-8746-6B44A9213EDB}"
	ProjectSection(ProjectDependencies) = postProject
		{8EE78A36-264F-399F-B3DC-4A8DEE047AF0} = {8EE78A36-264F-399F-B3DC-4A8DEE047AF0}
	EndProjectSection
EndProject
Project("{8BC9CEB8-8B4A-11D0-8D11-00A0C91BC942}") = "spv-tools-cldi100", "..\..\..\DiligentCore\ThirdParty\SPIRV-Tools\source\spv-tools-cldi100.vcxproj", "{D5CE6D93-986C-3510-A0A3-C47F79070B47}"
	ProjectSection(ProjectDependencies) = postProject
		{8EE78A36-264F-399F-B3DC-4A8DEE047AF0} = {8EE78A36-264F-399F-B3DC-4A8DEE047AF0}
	EndProjectSection
EndProject
Project("{8BC9CEB8-8B4A-11D0-8D11-00A0C91BC942}") = "spv-tools-clspvreflection", "..\..\..\DiligentCore\ThirdParty\SPIRV-Tools\source\spv-tools-clspvreflection.vcxproj", "{26C732B8-E845-3831-BF2E-10BF8693F294}"
	ProjectSection(ProjectDependencies) = postProject
		{8EE78A36-264F-399F-B3DC-4A8DEE047AF0} = {8EE78A36-264F-399F-B3DC-4A8DEE047AF0}
	EndProjectSection
EndProject
Project("{8BC9CEB8-8B4A-11D0-8D11-00A0C91BC942}") = "spv-tools-debuginfo", "..\..\..\DiligentCore\ThirdParty\SPIRV-Tools\source\spv-tools-debuginfo.vcxproj", "{28139B18-91DE-3D8A-83BE-0F461BC8AEC4}"
	ProjectSection(ProjectDependencies) = postProject
		{8EE78A36-264F-399F-B3DC-4A8DEE047AF0} = {8EE78A36-264F-399F-B3DC-4A8DEE047AF0}
	EndProjectSection
EndProject
Project("{8BC9CEB8-8B4A-11D0-8D11-00A0C91BC942}") = "spv-tools-shdi100", "..\..\..\DiligentCore\ThirdParty\SPIRV-Tools\source\spv-tools-shdi100.vcxproj", "{80F760F5-A0A3-3CBA-B619-1124B4C2EF29}"
	ProjectSection(ProjectDependencies) = postProject
		{8EE78A36-264F-399F-B3DC-4A8DEE047AF0} = {8EE78A36-264F-399F-B3DC-4A8DEE047AF0}
	EndProjectSection
EndProject
Project("{8BC9CEB8-8B4A-11D0-8D11-00A0C91BC942}") = "spv-tools-spv-amd-gs", "..\..\..\DiligentCore\ThirdParty\SPIRV-Tools\source\spv-tools-spv-amd-gs.vcxproj", "{C41F2AC6-77B4-3042-A680-F00757EDD49A}"
	ProjectSection(ProjectDependencies) = postProject
		{8EE78A36-264F-399F-B3DC-4A8DEE047AF0} = {8EE78A36-264F-399F-B3DC-4A8DEE047AF0}
	EndProjectSection
EndProject
Project("{8BC9CEB8-8B4A-11D0-8D11-00A0C91BC942}") = "spv-tools-spv-amd-sb", "..\..\..\DiligentCore\ThirdParty\SPIRV-Tools\source\spv-tools-spv-amd-sb.vcxproj", "{FC724DAC-711D-3268-9C22-A2CF1B89D724}"
	ProjectSection(ProjectDependencies) = postProject
		{8EE78A36-264F-399F-B3DC-4A8DEE047AF0} = {8EE78A36-264F-399F-B3DC-4A8DEE047AF0}
	EndProjectSection
EndProject
Project("{8BC9CEB8-8B4A-11D0-8D11-00A0C91BC942}") = "spv-tools-spv-amd-sevp", "..\..\..\DiligentCore\ThirdParty\SPIRV-Tools\source\spv-tools-spv-amd-sevp.vcxproj", "{796FDAC3-206D-3D1C-A9E2-D935F03FB8BA}"
	ProjectSection(ProjectDependencies) = postProject
		{8EE78A36-264F-399F-B3DC-4A8DEE047AF0} = {8EE78A36-264F-399F-B3DC-4A8DEE047AF0}
	EndProjectSection
EndProject
Project("{8BC9CEB8-8B4A-11D0-8D11-00A0C91BC942}") = "spv-tools-spv-amd-stm", "..\..\..\DiligentCore\ThirdParty\SPIRV-Tools\source\spv-tools-spv-amd-stm.vcxproj", "{BEAD1EA5-CB06-30F9-83B9-07CC1114E7F2}"
	ProjectSection(ProjectDependencies) = postProject
		{8EE78A36-264F-399F-B3DC-4A8DEE047AF0} = {8EE78A36-264F-399F-B3DC-4A8DEE047AF0}
	EndProjectSection
EndProject
Project("{8BC9CEB8-8B4A-11D0-8D11-00A0C91BC942}") = "spv-tools-vkspreflection", "..\..\..\DiligentCore\ThirdParty\SPIRV-Tools\source\spv-tools-vkspreflection.vcxproj", "{7591040A-EE16-3E09-8753-A332139B5305}"
	ProjectSection(ProjectDependencies) = postProject
		{8EE78A36-264F-399F-B3DC-4A8DEE047AF0} = {8EE78A36-264F-399F-B3DC-4A8DEE047AF0}
	EndProjectSection
EndProject
Project("{8BC9CEB8-8B4A-11D0-8D11-00A0C91BC942}") = "xxhash", "..\..\..\DiligentCore\ThirdParty\xxHash\cmake_unofficial\xxhash.vcxproj", "{4B6C8A8F-02AC-34E5-92AF-F03D3BB2F296}"
	ProjectSection(ProjectDependencies) = postProject
		{8EE78A36-264F-399F-B3DC-4A8DEE047AF0} = {8EE78A36-264F-399F-B3DC-4A8DEE047AF0}
	EndProjectSection
EndProject
Global
	GlobalSection(SolutionConfigurationPlatforms) = preSolution
		Debug|x64 = Debug|x64
		Release|x64 = Release|x64
		MinSizeRel|x64 = MinSizeRel|x64
		RelWithDebInfo|x64 = RelWithDebInfo|x64
	EndGlobalSection
	GlobalSection(ProjectConfigurationPlatforms) = postSolution
		{7C5DF768-7DFD-3DB3-8495-D63933A2159A}.Debug|x64.ActiveCfg = Debug|x64
		{7C5DF768-7DFD-3DB3-8495-D63933A2159A}.Debug|x64.Build.0 = Debug|x64
		{7C5DF768-7DFD-3DB3-8495-D63933A2159A}.Release|x64.ActiveCfg = Release|x64
		{7C5DF768-7DFD-3DB3-8495-D63933A2159A}.Release|x64.Build.0 = Release|x64
		{7C5DF768-7DFD-3DB3-8495-D63933A2159A}.MinSizeRel|x64.ActiveCfg = MinSizeRel|x64
		{7C5DF768-7DFD-3DB3-8495-D63933A2159A}.MinSizeRel|x64.Build.0 = MinSizeRel|x64
		{7C5DF768-7DFD-3DB3-8495-D63933A2159A}.RelWithDebInfo|x64.ActiveCfg = RelWithDebInfo|x64
		{7C5DF768-7DFD-3DB3-8495-D63933A2159A}.RelWithDebInfo|x64.Build.0 = RelWithDebInfo|x64
		{C9553361-4607-361C-B77A-A4EF78014A90}.Debug|x64.ActiveCfg = Debug|x64
		{C9553361-4607-361C-B77A-A4EF78014A90}.Debug|x64.Build.0 = Debug|x64
		{C9553361-4607-361C-B77A-A4EF78014A90}.Release|x64.ActiveCfg = Release|x64
		{C9553361-4607-361C-B77A-A4EF78014A90}.Release|x64.Build.0 = Release|x64
		{C9553361-4607-361C-B77A-A4EF78014A90}.MinSizeRel|x64.ActiveCfg = MinSizeRel|x64
		{C9553361-4607-361C-B77A-A4EF78014A90}.MinSizeRel|x64.Build.0 = MinSizeRel|x64
		{C9553361-4607-361C-B77A-A4EF78014A90}.RelWithDebInfo|x64.ActiveCfg = RelWithDebInfo|x64
		{C9553361-4607-361C-B77A-A4EF78014A90}.RelWithDebInfo|x64.Build.0 = RelWithDebInfo|x64
		{2B3D58F4-50A0-3F3C-9913-DE2A440F0981}.Debug|x64.ActiveCfg = Debug|x64
		{2B3D58F4-50A0-3F3C-9913-DE2A440F0981}.Debug|x64.Build.0 = Debug|x64
		{2B3D58F4-50A0-3F3C-9913-DE2A440F0981}.Release|x64.ActiveCfg = Release|x64
		{2B3D58F4-50A0-3F3C-9913-DE2A440F0981}.Release|x64.Build.0 = Release|x64
		{2B3D58F4-50A0-3F3C-9913-DE2A440F0981}.MinSizeRel|x64.ActiveCfg = MinSizeRel|x64
		{2B3D58F4-50A0-3F3C-9913-DE2A440F0981}.MinSizeRel|x64.Build.0 = MinSizeRel|x64
		{2B3D58F4-50A0-3F3C-9913-DE2A440F0981}.RelWithDebInfo|x64.ActiveCfg = RelWithDebInfo|x64
		{2B3D58F4-50A0-3F3C-9913-DE2A440F0981}.RelWithDebInfo|x64.Build.0 = RelWithDebInfo|x64
		{5B3F7E2A-9038-3748-B113-BDB35923E1AE}.Debug|x64.ActiveCfg = Debug|x64
		{5B3F7E2A-9038-3748-B113-BDB35923E1AE}.Debug|x64.Build.0 = Debug|x64
		{5B3F7E2A-9038-3748-B113-BDB35923E1AE}.Release|x64.ActiveCfg = Release|x64
		{5B3F7E2A-9038-3748-B113-BDB35923E1AE}.Release|x64.Build.0 = Release|x64
		{5B3F7E2A-9038-3748-B113-BDB35923E1AE}.MinSizeRel|x64.ActiveCfg = MinSizeRel|x64
		{5B3F7E2A-9038-3748-B113-BDB35923E1AE}.MinSizeRel|x64.Build.0 = MinSizeRel|x64
		{5B3F7E2A-9038-3748-B113-BDB35923E1AE}.RelWithDebInfo|x64.ActiveCfg = RelWithDebInfo|x64
		{5B3F7E2A-9038-3748-B113-BDB35923E1AE}.RelWithDebInfo|x64.Build.0 = RelWithDebInfo|x64
		{B63ECA99-4DD2-3D06-84FF-268F891488FC}.Debug|x64.ActiveCfg = Debug|x64
		{B63ECA99-4DD2-3D06-84FF-268F891488FC}.Debug|x64.Build.0 = Debug|x64
		{B63ECA99-4DD2-3D06-84FF-268F891488FC}.Release|x64.ActiveCfg = Release|x64
		{B63ECA99-4DD2-3D06-84FF-268F891488FC}.Release|x64.Build.0 = Release|x64
		{B63ECA99-4DD2-3D06-84FF-268F891488FC}.MinSizeRel|x64.ActiveCfg = MinSizeRel|x64
		{B63ECA99-4DD2-3D06-84FF-268F891488FC}.MinSizeRel|x64.Build.0 = MinSizeRel|x64
		{B63ECA99-4DD2-3D06-84FF-268F891488FC}.RelWithDebInfo|x64.ActiveCfg = RelWithDebInfo|x64
		{B63ECA99-4DD2-3D06-84FF-268F891488FC}.RelWithDebInfo|x64.Build.0 = RelWithDebInfo|x64
		{79A18E42-0CD6-3CC7-85A9-37CD6D9543E6}.Debug|x64.ActiveCfg = Debug|x64
		{79A18E42-0CD6-3CC7-85A9-37CD6D9543E6}.Debug|x64.Build.0 = Debug|x64
		{79A18E42-0CD6-3CC7-85A9-37CD6D9543E6}.Release|x64.ActiveCfg = Release|x64
		{79A18E42-0CD6-3CC7-85A9-37CD6D9543E6}.Release|x64.Build.0 = Release|x64
		{79A18E42-0CD6-3CC7-85A9-37CD6D9543E6}.MinSizeRel|x64.ActiveCfg = MinSizeRel|x64
		{79A18E42-0CD6-3CC7-85A9-37CD6D9543E6}.MinSizeRel|x64.Build.0 = MinSizeRel|x64
		{79A18E42-0CD6-3CC7-85A9-37CD6D9543E6}.RelWithDebInfo|x64.ActiveCfg = RelWithDebInfo|x64
		{79A18E42-0CD6-3CC7-85A9-37CD6D9543E6}.RelWithDebInfo|x64.Build.0 = RelWithDebInfo|x64
		{F632DE7C-EC6E-3FF6-BDEA-717BDBC9ABAC}.Debug|x64.ActiveCfg = Debug|x64
		{F632DE7C-EC6E-3FF6-BDEA-717BDBC9ABAC}.Debug|x64.Build.0 = Debug|x64
		{F632DE7C-EC6E-3FF6-BDEA-717BDBC9ABAC}.Release|x64.ActiveCfg = Release|x64
		{F632DE7C-EC6E-3FF6-BDEA-717BDBC9ABAC}.Release|x64.Build.0 = Release|x64
		{F632DE7C-EC6E-3FF6-BDEA-717BDBC9ABAC}.MinSizeRel|x64.ActiveCfg = MinSizeRel|x64
		{F632DE7C-EC6E-3FF6-BDEA-717BDBC9ABAC}.MinSizeRel|x64.Build.0 = MinSizeRel|x64
		{F632DE7C-EC6E-3FF6-BDEA-717BDBC9ABAC}.RelWithDebInfo|x64.ActiveCfg = RelWithDebInfo|x64
		{F632DE7C-EC6E-3FF6-BDEA-717BDBC9ABAC}.RelWithDebInfo|x64.Build.0 = RelWithDebInfo|x64
		{0B4996FD-D616-3F93-A39D-1E76BE06F7C2}.Debug|x64.ActiveCfg = Debug|x64
		{0B4996FD-D616-3F93-A39D-1E76BE06F7C2}.Debug|x64.Build.0 = Debug|x64
		{0B4996FD-D616-3F93-A39D-1E76BE06F7C2}.Release|x64.ActiveCfg = Release|x64
		{0B4996FD-D616-3F93-A39D-1E76BE06F7C2}.Release|x64.Build.0 = Release|x64
		{0B4996FD-D616-3F93-A39D-1E76BE06F7C2}.MinSizeRel|x64.ActiveCfg = MinSizeRel|x64
		{0B4996FD-D616-3F93-A39D-1E76BE06F7C2}.MinSizeRel|x64.Build.0 = MinSizeRel|x64
		{0B4996FD-D616-3F93-A39D-1E76BE06F7C2}.RelWithDebInfo|x64.ActiveCfg = RelWithDebInfo|x64
		{0B4996FD-D616-3F93-A39D-1E76BE06F7C2}.RelWithDebInfo|x64.Build.0 = RelWithDebInfo|x64
		{AA6A0530-13A5-3D1D-A53C-EC7C66BB5721}.Debug|x64.ActiveCfg = Debug|x64
		{AA6A0530-13A5-3D1D-A53C-EC7C66BB5721}.Debug|x64.Build.0 = Debug|x64
		{AA6A0530-13A5-3D1D-A53C-EC7C66BB5721}.Release|x64.ActiveCfg = Release|x64
		{AA6A0530-13A5-3D1D-A53C-EC7C66BB5721}.Release|x64.Build.0 = Release|x64
		{AA6A0530-13A5-3D1D-A53C-EC7C66BB5721}.MinSizeRel|x64.ActiveCfg = MinSizeRel|x64
		{AA6A0530-13A5-3D1D-A53C-EC7C66BB5721}.MinSizeRel|x64.Build.0 = MinSizeRel|x64
		{AA6A0530-13A5-3D1D-A53C-EC7C66BB5721}.RelWithDebInfo|x64.ActiveCfg = RelWithDebInfo|x64
		{AA6A0530-13A5-3D1D-A53C-EC7C66BB5721}.RelWithDebInfo|x64.Build.0 = RelWithDebInfo|x64
		{52769A31-A136-3045-AC99-A337BB5C7E99}.Debug|x64.ActiveCfg = Debug|x64
		{52769A31-A136-3045-AC99-A337BB5C7E99}.Debug|x64.Build.0 = Debug|x64
		{52769A31-A136-3045-AC99-A337BB5C7E99}.Release|x64.ActiveCfg = Release|x64
		{52769A31-A136-3045-AC99-A337BB5C7E99}.Release|x64.Build.0 = Release|x64
		{52769A31-A136-3045-AC99-A337BB5C7E99}.MinSizeRel|x64.ActiveCfg = MinSizeRel|x64
		{52769A31-A136-3045-AC99-A337BB5C7E99}.MinSizeRel|x64.Build.0 = MinSizeRel|x64
		{52769A31-A136-3045-AC99-A337BB5C7E99}.RelWithDebInfo|x64.ActiveCfg = RelWithDebInfo|x64
		{52769A31-A136-3045-AC99-A337BB5C7E99}.RelWithDebInfo|x64.Build.0 = RelWithDebInfo|x64
		{6CC7D228-5358-3F39-8397-6EF954A780A7}.Debug|x64.ActiveCfg = Debug|x64
		{6CC7D228-5358-3F39-8397-6EF954A780A7}.Debug|x64.Build.0 = Debug|x64
		{6CC7D228-5358-3F39-8397-6EF954A780A7}.Release|x64.ActiveCfg = Release|x64
		{6CC7D228-5358-3F39-8397-6EF954A780A7}.Release|x64.Build.0 = Release|x64
		{6CC7D228-5358-3F39-8397-6EF954A780A7}.MinSizeRel|x64.ActiveCfg = MinSizeRel|x64
		{6CC7D228-5358-3F39-8397-6EF954A780A7}.MinSizeRel|x64.Build.0 = MinSizeRel|x64
		{6CC7D228-5358-3F39-8397-6EF954A780A7}.RelWithDebInfo|x64.ActiveCfg = RelWithDebInfo|x64
		{6CC7D228-5358-3F39-8397-6EF954A780A7}.RelWithDebInfo|x64.Build.0 = RelWithDebInfo|x64
		{9851A6BD-AE2C-38AE-AC11-DF990DFA8AF4}.Debug|x64.ActiveCfg = Debug|x64
		{9851A6BD-AE2C-38AE-AC11-DF990DFA8AF4}.Debug|x64.Build.0 = Debug|x64
		{9851A6BD-AE2C-38AE-AC11-DF990DFA8AF4}.Release|x64.ActiveCfg = Release|x64
		{9851A6BD-AE2C-38AE-AC11-DF990DFA8AF4}.Release|x64.Build.0 = Release|x64
		{9851A6BD-AE2C-38AE-AC11-DF990DFA8AF4}.MinSizeRel|x64.ActiveCfg = MinSizeRel|x64
		{9851A6BD-AE2C-38AE-AC11-DF990DFA8AF4}.MinSizeRel|x64.Build.0 = MinSizeRel|x64
		{9851A6BD-AE2C-38AE-AC11-DF990DFA8AF4}.RelWithDebInfo|x64.ActiveCfg = RelWithDebInfo|x64
		{9851A6BD-AE2C-38AE-AC11-DF990DFA8AF4}.RelWithDebInfo|x64.Build.0 = RelWithDebInfo|x64
		{D82A2BD5-DB8B-3CE3-9C45-2B30965A676B}.Debug|x64.ActiveCfg = Debug|x64
		{D82A2BD5-DB8B-3CE3-9C45-2B30965A676B}.Debug|x64.Build.0 = Debug|x64
		{D82A2BD5-DB8B-3CE3-9C45-2B30965A676B}.Release|x64.ActiveCfg = Release|x64
		{D82A2BD5-DB8B-3CE3-9C45-2B30965A676B}.Release|x64.Build.0 = Release|x64
		{D82A2BD5-DB8B-3CE3-9C45-2B30965A676B}.MinSizeRel|x64.ActiveCfg = MinSizeRel|x64
		{D82A2BD5-DB8B-3CE3-9C45-2B30965A676B}.MinSizeRel|x64.Build.0 = MinSizeRel|x64
		{D82A2BD5-DB8B-3CE3-9C45-2B30965A676B}.RelWithDebInfo|x64.ActiveCfg = RelWithDebInfo|x64
		{D82A2BD5-DB8B-3CE3-9C45-2B30965A676B}.RelWithDebInfo|x64.Build.0 = RelWithDebInfo|x64
		{4DA84D7B-8363-314D-BBF7-797BDDC521B3}.Debug|x64.ActiveCfg = Debug|x64
		{4DA84D7B-8363-314D-BBF7-797BDDC521B3}.Debug|x64.Build.0 = Debug|x64
		{4DA84D7B-8363-314D-BBF7-797BDDC521B3}.Release|x64.ActiveCfg = Release|x64
		{4DA84D7B-8363-314D-BBF7-797BDDC521B3}.Release|x64.Build.0 = Release|x64
		{4DA84D7B-8363-314D-BBF7-797BDDC521B3}.MinSizeRel|x64.ActiveCfg = MinSizeRel|x64
		{4DA84D7B-8363-314D-BBF7-797BDDC521B3}.MinSizeRel|x64.Build.0 = MinSizeRel|x64
		{4DA84D7B-8363-314D-BBF7-797BDDC521B3}.RelWithDebInfo|x64.ActiveCfg = RelWithDebInfo|x64
		{4DA84D7B-8363-314D-BBF7-797BDDC521B3}.RelWithDebInfo|x64.Build.0 = RelWithDebInfo|x64
		{66639B34-A421-36E8-8010-AE5BF0F2F015}.Debug|x64.ActiveCfg = Debug|x64
		{66639B34-A421-36E8-8010-AE5BF0F2F015}.Debug|x64.Build.0 = Debug|x64
		{66639B34-A421-36E8-8010-AE5BF0F2F015}.Release|x64.ActiveCfg = Release|x64
		{66639B34-A421-36E8-8010-AE5BF0F2F015}.Release|x64.Build.0 = Release|x64
		{66639B34-A421-36E8-8010-AE5BF0F2F015}.MinSizeRel|x64.ActiveCfg = MinSizeRel|x64
		{66639B34-A421-36E8-8010-AE5BF0F2F015}.MinSizeRel|x64.Build.0 = MinSizeRel|x64
		{66639B34-A421-36E8-8010-AE5BF0F2F015}.RelWithDebInfo|x64.ActiveCfg = RelWithDebInfo|x64
		{66639B34-A421-36E8-8010-AE5BF0F2F015}.RelWithDebInfo|x64.Build.0 = RelWithDebInfo|x64
		{8F81ECB5-CFD9-3AED-A4F1-5F310D67CA69}.Debug|x64.ActiveCfg = Debug|x64
		{8F81ECB5-CFD9-3AED-A4F1-5F310D67CA69}.Debug|x64.Build.0 = Debug|x64
		{8F81ECB5-CFD9-3AED-A4F1-5F310D67CA69}.Release|x64.ActiveCfg = Release|x64
		{8F81ECB5-CFD9-3AED-A4F1-5F310D67CA69}.Release|x64.Build.0 = Release|x64
		{8F81ECB5-CFD9-3AED-A4F1-5F310D67CA69}.MinSizeRel|x64.ActiveCfg = MinSizeRel|x64
		{8F81ECB5-CFD9-3AED-A4F1-5F310D67CA69}.MinSizeRel|x64.Build.0 = MinSizeRel|x64
		{8F81ECB5-CFD9-3AED-A4F1-5F310D67CA69}.RelWithDebInfo|x64.ActiveCfg = RelWithDebInfo|x64
		{8F81ECB5-CFD9-3AED-A4F1-5F310D67CA69}.RelWithDebInfo|x64.Build.0 = RelWithDebInfo|x64
		{93286332-99B1-3BE7-97F4-743EB688193E}.Debug|x64.ActiveCfg = Debug|x64
		{93286332-99B1-3BE7-97F4-743EB688193E}.Debug|x64.Build.0 = Debug|x64
		{93286332-99B1-3BE7-97F4-743EB688193E}.Release|x64.ActiveCfg = Release|x64
		{93286332-99B1-3BE7-97F4-743EB688193E}.Release|x64.Build.0 = Release|x64
		{93286332-99B1-3BE7-97F4-743EB688193E}.MinSizeRel|x64.ActiveCfg = MinSizeRel|x64
		{93286332-99B1-3BE7-97F4-743EB688193E}.MinSizeRel|x64.Build.0 = MinSizeRel|x64
		{93286332-99B1-3BE7-97F4-743EB688193E}.RelWithDebInfo|x64.ActiveCfg = RelWithDebInfo|x64
		{93286332-99B1-3BE7-97F4-743EB688193E}.RelWithDebInfo|x64.Build.0 = RelWithDebInfo|x64
		{F71E579E-C063-3874-BCE5-C1A2E12226CA}.Debug|x64.ActiveCfg = Debug|x64
		{F71E579E-C063-3874-BCE5-C1A2E12226CA}.Debug|x64.Build.0 = Debug|x64
		{F71E579E-C063-3874-BCE5-C1A2E12226CA}.Release|x64.ActiveCfg = Release|x64
		{F71E579E-C063-3874-BCE5-C1A2E12226CA}.Release|x64.Build.0 = Release|x64
		{F71E579E-C063-3874-BCE5-C1A2E12226CA}.MinSizeRel|x64.ActiveCfg = MinSizeRel|x64
		{F71E579E-C063-3874-BCE5-C1A2E12226CA}.MinSizeRel|x64.Build.0 = MinSizeRel|x64
		{F71E579E-C063-3874-BCE5-C1A2E12226CA}.RelWithDebInfo|x64.ActiveCfg = RelWithDebInfo|x64
		{F71E579E-C063-3874-BCE5-C1A2E12226CA}.RelWithDebInfo|x64.Build.0 = RelWithDebInfo|x64
		{A8313FDA-69B9-38A5-8B97-2AA51CD24C30}.Debug|x64.ActiveCfg = Debug|x64
		{A8313FDA-69B9-38A5-8B97-2AA51CD24C30}.Debug|x64.Build.0 = Debug|x64
		{A8313FDA-69B9-38A5-8B97-2AA51CD24C30}.Release|x64.ActiveCfg = Release|x64
		{A8313FDA-69B9-38A5-8B97-2AA51CD24C30}.Release|x64.Build.0 = Release|x64
		{A8313FDA-69B9-38A5-8B97-2AA51CD24C30}.MinSizeRel|x64.ActiveCfg = MinSizeRel|x64
		{A8313FDA-69B9-38A5-8B97-2AA51CD24C30}.MinSizeRel|x64.Build.0 = MinSizeRel|x64
		{A8313FDA-69B9-38A5-8B97-2AA51CD24C30}.RelWithDebInfo|x64.ActiveCfg = RelWithDebInfo|x64
		{A8313FDA-69B9-38A5-8B97-2AA51CD24C30}.RelWithDebInfo|x64.Build.0 = RelWithDebInfo|x64
		{DE90F504-9771-34FA-BDF8-1FF6BD3AF7C8}.Debug|x64.ActiveCfg = Debug|x64
		{DE90F504-9771-34FA-BDF8-1FF6BD3AF7C8}.Debug|x64.Build.0 = Debug|x64
		{DE90F504-9771-34FA-BDF8-1FF6BD3AF7C8}.Release|x64.ActiveCfg = Release|x64
		{DE90F504-9771-34FA-BDF8-1FF6BD3AF7C8}.Release|x64.Build.0 = Release|x64
		{DE90F504-9771-34FA-BDF8-1FF6BD3AF7C8}.MinSizeRel|x64.ActiveCfg = MinSizeRel|x64
		{DE90F504-9771-34FA-BDF8-1FF6BD3AF7C8}.MinSizeRel|x64.Build.0 = MinSizeRel|x64
		{DE90F504-9771-34FA-BDF8-1FF6BD3AF7C8}.RelWithDebInfo|x64.ActiveCfg = RelWithDebInfo|x64
		{DE90F504-9771-34FA-BDF8-1FF6BD3AF7C8}.RelWithDebInfo|x64.Build.0 = RelWithDebInfo|x64
		{4F7F0930-EC3C-36CA-B6B4-B191245F7820}.Debug|x64.ActiveCfg = Debug|x64
		{4F7F0930-EC3C-36CA-B6B4-B191245F7820}.Debug|x64.Build.0 = Debug|x64
		{4F7F0930-EC3C-36CA-B6B4-B191245F7820}.Release|x64.ActiveCfg = Release|x64
		{4F7F0930-EC3C-36CA-B6B4-B191245F7820}.Release|x64.Build.0 = Release|x64
		{4F7F0930-EC3C-36CA-B6B4-B191245F7820}.MinSizeRel|x64.ActiveCfg = MinSizeRel|x64
		{4F7F0930-EC3C-36CA-B6B4-B191245F7820}.MinSizeRel|x64.Build.0 = MinSizeRel|x64
		{4F7F0930-EC3C-36CA-B6B4-B191245F7820}.RelWithDebInfo|x64.ActiveCfg = RelWithDebInfo|x64
		{4F7F0930-EC3C-36CA-B6B4-B191245F7820}.RelWithDebInfo|x64.Build.0 = RelWithDebInfo|x64
		{B5C8A255-0438-35D1-B98E-1C0B53F37D81}.Debug|x64.ActiveCfg = Debug|x64
		{B5C8A255-0438-35D1-B98E-1C0B53F37D81}.Debug|x64.Build.0 = Debug|x64
		{B5C8A255-0438-35D1-B98E-1C0B53F37D81}.Release|x64.ActiveCfg = Release|x64
		{B5C8A255-0438-35D1-B98E-1C0B53F37D81}.Release|x64.Build.0 = Release|x64
		{B5C8A255-0438-35D1-B98E-1C0B53F37D81}.MinSizeRel|x64.ActiveCfg = MinSizeRel|x64
		{B5C8A255-0438-35D1-B98E-1C0B53F37D81}.MinSizeRel|x64.Build.0 = MinSizeRel|x64
		{B5C8A255-0438-35D1-B98E-1C0B53F37D81}.RelWithDebInfo|x64.ActiveCfg = RelWithDebInfo|x64
		{B5C8A255-0438-35D1-B98E-1C0B53F37D81}.RelWithDebInfo|x64.Build.0 = RelWithDebInfo|x64
		{B5901437-59E0-39BB-B8FF-7704976CDF0A}.Debug|x64.ActiveCfg = Debug|x64
		{B5901437-59E0-39BB-B8FF-7704976CDF0A}.Debug|x64.Build.0 = Debug|x64
		{B5901437-59E0-39BB-B8FF-7704976CDF0A}.Release|x64.ActiveCfg = Release|x64
		{B5901437-59E0-39BB-B8FF-7704976CDF0A}.Release|x64.Build.0 = Release|x64
		{B5901437-59E0-39BB-B8FF-7704976CDF0A}.MinSizeRel|x64.ActiveCfg = MinSizeRel|x64
		{B5901437-59E0-39BB-B8FF-7704976CDF0A}.MinSizeRel|x64.Build.0 = MinSizeRel|x64
		{B5901437-59E0-39BB-B8FF-7704976CDF0A}.RelWithDebInfo|x64.ActiveCfg = RelWithDebInfo|x64
		{B5901437-59E0-39BB-B8FF-7704976CDF0A}.RelWithDebInfo|x64.Build.0 = RelWithDebInfo|x64
		{A1E50F86-46BF-3714-8AA0-D6FBA12A6B3D}.Debug|x64.ActiveCfg = Debug|x64
		{A1E50F86-46BF-3714-8AA0-D6FBA12A6B3D}.Debug|x64.Build.0 = Debug|x64
		{A1E50F86-46BF-3714-8AA0-D6FBA12A6B3D}.Release|x64.ActiveCfg = Release|x64
		{A1E50F86-46BF-3714-8AA0-D6FBA12A6B3D}.Release|x64.Build.0 = Release|x64
		{A1E50F86-46BF-3714-8AA0-D6FBA12A6B3D}.MinSizeRel|x64.ActiveCfg = MinSizeRel|x64
		{A1E50F86-46BF-3714-8AA0-D6FBA12A6B3D}.MinSizeRel|x64.Build.0 = MinSizeRel|x64
		{A1E50F86-46BF-3714-8AA0-D6FBA12A6B3D}.RelWithDebInfo|x64.ActiveCfg = RelWithDebInfo|x64
		{A1E50F86-46BF-3714-8AA0-D6FBA12A6B3D}.RelWithDebInfo|x64.Build.0 = RelWithDebInfo|x64
		{401905FC-05E2-3466-B7FC-B3D780362276}.Debug|x64.ActiveCfg = Debug|x64
		{401905FC-05E2-3466-B7FC-B3D780362276}.Debug|x64.Build.0 = Debug|x64
		{401905FC-05E2-3466-B7FC-B3D780362276}.Release|x64.ActiveCfg = Release|x64
		{401905FC-05E2-3466-B7FC-B3D780362276}.Release|x64.Build.0 = Release|x64
		{401905FC-05E2-3466-B7FC-B3D780362276}.MinSizeRel|x64.ActiveCfg = MinSizeRel|x64
		{401905FC-05E2-3466-B7FC-B3D780362276}.MinSizeRel|x64.Build.0 = MinSizeRel|x64
		{401905FC-05E2-3466-B7FC-B3D780362276}.RelWithDebInfo|x64.ActiveCfg = RelWithDebInfo|x64
		{401905FC-05E2-3466-B7FC-B3D780362276}.RelWithDebInfo|x64.Build.0 = RelWithDebInfo|x64
		{8491726A-2546-3E6E-A5EE-32E8E9A20EBB}.Debug|x64.ActiveCfg = Debug|x64
		{8491726A-2546-3E6E-A5EE-32E8E9A20EBB}.Debug|x64.Build.0 = Debug|x64
		{8491726A-2546-3E6E-A5EE-32E8E9A20EBB}.Release|x64.ActiveCfg = Release|x64
		{8491726A-2546-3E6E-A5EE-32E8E9A20EBB}.Release|x64.Build.0 = Release|x64
		{8491726A-2546-3E6E-A5EE-32E8E9A20EBB}.MinSizeRel|x64.ActiveCfg = MinSizeRel|x64
		{8491726A-2546-3E6E-A5EE-32E8E9A20EBB}.MinSizeRel|x64.Build.0 = MinSizeRel|x64
		{8491726A-2546-3E6E-A5EE-32E8E9A20EBB}.RelWithDebInfo|x64.ActiveCfg = RelWithDebInfo|x64
		{8491726A-2546-3E6E-A5EE-32E8E9A20EBB}.RelWithDebInfo|x64.Build.0 = RelWithDebInfo|x64
		{31A2A39E-E070-3EAE-822D-9C8FA7C50750}.Debug|x64.ActiveCfg = Debug|x64
		{31A2A39E-E070-3EAE-822D-9C8FA7C50750}.Release|x64.ActiveCfg = Release|x64
		{31A2A39E-E070-3EAE-822D-9C8FA7C50750}.MinSizeRel|x64.ActiveCfg = MinSizeRel|x64
		{31A2A39E-E070-3EAE-822D-9C8FA7C50750}.RelWithDebInfo|x64.ActiveCfg = RelWithDebInfo|x64
		{D6BBA12D-09D8-3D55-A4F0-AF038F290DC6}.Debug|x64.ActiveCfg = Debug|x64
		{D6BBA12D-09D8-3D55-A4F0-AF038F290DC6}.Debug|x64.Build.0 = Debug|x64
		{D6BBA12D-09D8-3D55-A4F0-AF038F290DC6}.Release|x64.ActiveCfg = Release|x64
		{D6BBA12D-09D8-3D55-A4F0-AF038F290DC6}.Release|x64.Build.0 = Release|x64
		{D6BBA12D-09D8-3D55-A4F0-AF038F290DC6}.MinSizeRel|x64.ActiveCfg = MinSizeRel|x64
		{D6BBA12D-09D8-3D55-A4F0-AF038F290DC6}.MinSizeRel|x64.Build.0 = MinSizeRel|x64
		{D6BBA12D-09D8-3D55-A4F0-AF038F290DC6}.RelWithDebInfo|x64.ActiveCfg = RelWithDebInfo|x64
		{D6BBA12D-09D8-3D55-A4F0-AF038F290DC6}.RelWithDebInfo|x64.Build.0 = RelWithDebInfo|x64
		{0ECECAC0-459F-3211-A576-8154BCEB3078}.Debug|x64.ActiveCfg = Debug|x64
		{0ECECAC0-459F-3211-A576-8154BCEB3078}.Debug|x64.Build.0 = Debug|x64
		{0ECECAC0-459F-3211-A576-8154BCEB3078}.Release|x64.ActiveCfg = Release|x64
		{0ECECAC0-459F-3211-A576-8154BCEB3078}.Release|x64.Build.0 = Release|x64
		{0ECECAC0-459F-3211-A576-8154BCEB3078}.MinSizeRel|x64.ActiveCfg = MinSizeRel|x64
		{0ECECAC0-459F-3211-A576-8154BCEB3078}.MinSizeRel|x64.Build.0 = MinSizeRel|x64
		{0ECECAC0-459F-3211-A576-8154BCEB3078}.RelWithDebInfo|x64.ActiveCfg = RelWithDebInfo|x64
		{0ECECAC0-459F-3211-A576-8154BCEB3078}.RelWithDebInfo|x64.Build.0 = RelWithDebInfo|x64
		{02CCA560-B384-354A-977A-737A40B49184}.Debug|x64.ActiveCfg = Debug|x64
		{02CCA560-B384-354A-977A-737A40B49184}.Release|x64.ActiveCfg = Release|x64
		{02CCA560-B384-354A-977A-737A40B49184}.MinSizeRel|x64.ActiveCfg = MinSizeRel|x64
		{02CCA560-B384-354A-977A-737A40B49184}.RelWithDebInfo|x64.ActiveCfg = RelWithDebInfo|x64
		{7322B25D-CECA-357A-9BC3-0EF2A0FB3065}.Debug|x64.ActiveCfg = Debug|x64
		{7322B25D-CECA-357A-9BC3-0EF2A0FB3065}.Debug|x64.Build.0 = Debug|x64
		{7322B25D-CECA-357A-9BC3-0EF2A0FB3065}.Release|x64.ActiveCfg = Release|x64
		{7322B25D-CECA-357A-9BC3-0EF2A0FB3065}.Release|x64.Build.0 = Release|x64
		{7322B25D-CECA-357A-9BC3-0EF2A0FB3065}.MinSizeRel|x64.ActiveCfg = MinSizeRel|x64
		{7322B25D-CECA-357A-9BC3-0EF2A0FB3065}.MinSizeRel|x64.Build.0 = MinSizeRel|x64
		{7322B25D-CECA-357A-9BC3-0EF2A0FB3065}.RelWithDebInfo|x64.ActiveCfg = RelWithDebInfo|x64
		{7322B25D-CECA-357A-9BC3-0EF2A0FB3065}.RelWithDebInfo|x64.Build.0 = RelWithDebInfo|x64
		{FB82B861-5C47-314D-A8B9-708C5A2738B4}.Debug|x64.ActiveCfg = Debug|x64
		{FB82B861-5C47-314D-A8B9-708C5A2738B4}.Debug|x64.Build.0 = Debug|x64
		{FB82B861-5C47-314D-A8B9-708C5A2738B4}.Release|x64.ActiveCfg = Release|x64
		{FB82B861-5C47-314D-A8B9-708C5A2738B4}.Release|x64.Build.0 = Release|x64
		{FB82B861-5C47-314D-A8B9-708C5A2738B4}.MinSizeRel|x64.ActiveCfg = MinSizeRel|x64
		{FB82B861-5C47-314D-A8B9-708C5A2738B4}.MinSizeRel|x64.Build.0 = MinSizeRel|x64
		{FB82B861-5C47-314D-A8B9-708C5A2738B4}.RelWithDebInfo|x64.ActiveCfg = RelWithDebInfo|x64
		{FB82B861-5C47-314D-A8B9-708C5A2738B4}.RelWithDebInfo|x64.Build.0 = RelWithDebInfo|x64
		{9077CB1F-C0F0-3D2A-AA73-308A80CC72ED}.Debug|x64.ActiveCfg = Debug|x64
		{9077CB1F-C0F0-3D2A-AA73-308A80CC72ED}.Debug|x64.Build.0 = Debug|x64
		{9077CB1F-C0F0-3D2A-AA73-308A80CC72ED}.Release|x64.ActiveCfg = Release|x64
		{9077CB1F-C0F0-3D2A-AA73-308A80CC72ED}.Release|x64.Build.0 = Release|x64
		{9077CB1F-C0F0-3D2A-AA73-308A80CC72ED}.MinSizeRel|x64.ActiveCfg = MinSizeRel|x64
		{9077CB1F-C0F0-3D2A-AA73-308A80CC72ED}.MinSizeRel|x64.Build.0 = MinSizeRel|x64
		{9077CB1F-C0F0-3D2A-AA73-308A80CC72ED}.RelWithDebInfo|x64.ActiveCfg = RelWithDebInfo|x64
		{9077CB1F-C0F0-3D2A-AA73-308A80CC72ED}.RelWithDebInfo|x64.Build.0 = RelWithDebInfo|x64
		{77044EB3-6FBD-37AA-9926-3B02076CACDA}.Debug|x64.ActiveCfg = Debug|x64
		{77044EB3-6FBD-37AA-9926-3B02076CACDA}.Debug|x64.Build.0 = Debug|x64
		{77044EB3-6FBD-37AA-9926-3B02076CACDA}.Release|x64.ActiveCfg = Release|x64
		{77044EB3-6FBD-37AA-9926-3B02076CACDA}.Release|x64.Build.0 = Release|x64
		{77044EB3-6FBD-37AA-9926-3B02076CACDA}.MinSizeRel|x64.ActiveCfg = MinSizeRel|x64
		{77044EB3-6FBD-37AA-9926-3B02076CACDA}.MinSizeRel|x64.Build.0 = MinSizeRel|x64
		{77044EB3-6FBD-37AA-9926-3B02076CACDA}.RelWithDebInfo|x64.ActiveCfg = RelWithDebInfo|x64
		{77044EB3-6FBD-37AA-9926-3B02076CACDA}.RelWithDebInfo|x64.Build.0 = RelWithDebInfo|x64
		{8EE78A36-264F-399F-B3DC-4A8DEE047AF0}.Debug|x64.ActiveCfg = Debug|x64
		{8EE78A36-264F-399F-B3DC-4A8DEE047AF0}.Debug|x64.Build.0 = Debug|x64
		{8EE78A36-264F-399F-B3DC-4A8DEE047AF0}.Release|x64.ActiveCfg = Release|x64
		{8EE78A36-264F-399F-B3DC-4A8DEE047AF0}.Release|x64.Build.0 = Release|x64
		{8EE78A36-264F-399F-B3DC-4A8DEE047AF0}.MinSizeRel|x64.ActiveCfg = MinSizeRel|x64
		{8EE78A36-264F-399F-B3DC-4A8DEE047AF0}.MinSizeRel|x64.Build.0 = MinSizeRel|x64
		{8EE78A36-264F-399F-B3DC-4A8DEE047AF0}.RelWithDebInfo|x64.ActiveCfg = RelWithDebInfo|x64
		{8EE78A36-264F-399F-B3DC-4A8DEE047AF0}.RelWithDebInfo|x64.Build.0 = RelWithDebInfo|x64
		{4872769C-2F74-3C70-8704-EA67D3886DCB}.Debug|x64.ActiveCfg = Debug|x64
		{4872769C-2F74-3C70-8704-EA67D3886DCB}.Debug|x64.Build.0 = Debug|x64
		{4872769C-2F74-3C70-8704-EA67D3886DCB}.Release|x64.ActiveCfg = Release|x64
		{4872769C-2F74-3C70-8704-EA67D3886DCB}.Release|x64.Build.0 = Release|x64
		{4872769C-2F74-3C70-8704-EA67D3886DCB}.MinSizeRel|x64.ActiveCfg = MinSizeRel|x64
		{4872769C-2F74-3C70-8704-EA67D3886DCB}.MinSizeRel|x64.Build.0 = MinSizeRel|x64
		{4872769C-2F74-3C70-8704-EA67D3886DCB}.RelWithDebInfo|x64.ActiveCfg = RelWithDebInfo|x64
		{4872769C-2F74-3C70-8704-EA67D3886DCB}.RelWithDebInfo|x64.Build.0 = RelWithDebInfo|x64
		{EDF72001-511C-37EC-B7A9-343C0D221D01}.Debug|x64.ActiveCfg = Debug|x64
		{EDF72001-511C-37EC-B7A9-343C0D221D01}.Debug|x64.Build.0 = Debug|x64
		{EDF72001-511C-37EC-B7A9-343C0D221D01}.Release|x64.ActiveCfg = Release|x64
		{EDF72001-511C-37EC-B7A9-343C0D221D01}.Release|x64.Build.0 = Release|x64
		{EDF72001-511C-37EC-B7A9-343C0D221D01}.MinSizeRel|x64.ActiveCfg = MinSizeRel|x64
		{EDF72001-511C-37EC-B7A9-343C0D221D01}.MinSizeRel|x64.Build.0 = MinSizeRel|x64
		{EDF72001-511C-37EC-B7A9-343C0D221D01}.RelWithDebInfo|x64.ActiveCfg = RelWithDebInfo|x64
		{EDF72001-511C-37EC-B7A9-343C0D221D01}.RelWithDebInfo|x64.Build.0 = RelWithDebInfo|x64
		{057DD8E0-FFA8-3BA3-8651-C0BE977C4705}.Debug|x64.ActiveCfg = Debug|x64
		{057DD8E0-FFA8-3BA3-8651-C0BE977C4705}.Debug|x64.Build.0 = Debug|x64
		{057DD8E0-FFA8-3BA3-8651-C0BE977C4705}.Release|x64.ActiveCfg = Release|x64
		{057DD8E0-FFA8-3BA3-8651-C0BE977C4705}.Release|x64.Build.0 = Release|x64
		{057DD8E0-FFA8-3BA3-8651-C0BE977C4705}.MinSizeRel|x64.ActiveCfg = MinSizeRel|x64
		{057DD8E0-FFA8-3BA3-8651-C0BE977C4705}.MinSizeRel|x64.Build.0 = MinSizeRel|x64
		{057DD8E0-FFA8-3BA3-8651-C0BE977C4705}.RelWithDebInfo|x64.ActiveCfg = RelWithDebInfo|x64
		{057DD8E0-FFA8-3BA3-8651-C0BE977C4705}.RelWithDebInfo|x64.Build.0 = RelWithDebInfo|x64
		{0730DF3D-ABFD-350E-8891-8F61DB5558FA}.Debug|x64.ActiveCfg = Debug|x64
		{0730DF3D-ABFD-350E-8891-8F61DB5558FA}.Debug|x64.Build.0 = Debug|x64
		{0730DF3D-ABFD-350E-8891-8F61DB5558FA}.Release|x64.ActiveCfg = Release|x64
		{0730DF3D-ABFD-350E-8891-8F61DB5558FA}.Release|x64.Build.0 = Release|x64
		{0730DF3D-ABFD-350E-8891-8F61DB5558FA}.MinSizeRel|x64.ActiveCfg = MinSizeRel|x64
		{0730DF3D-ABFD-350E-8891-8F61DB5558FA}.MinSizeRel|x64.Build.0 = MinSizeRel|x64
		{0730DF3D-ABFD-350E-8891-8F61DB5558FA}.RelWithDebInfo|x64.ActiveCfg = RelWithDebInfo|x64
		{0730DF3D-ABFD-350E-8891-8F61DB5558FA}.RelWithDebInfo|x64.Build.0 = RelWithDebInfo|x64
		{F593F915-DFEC-32B0-96C1-A0E57ACC0067}.Debug|x64.ActiveCfg = Debug|x64
		{F593F915-DFEC-32B0-96C1-A0E57ACC0067}.Debug|x64.Build.0 = Debug|x64
		{F593F915-DFEC-32B0-96C1-A0E57ACC0067}.Release|x64.ActiveCfg = Release|x64
		{F593F915-DFEC-32B0-96C1-A0E57ACC0067}.Release|x64.Build.0 = Release|x64
		{F593F915-DFEC-32B0-96C1-A0E57ACC0067}.MinSizeRel|x64.ActiveCfg = MinSizeRel|x64
		{F593F915-DFEC-32B0-96C1-A0E57ACC0067}.MinSizeRel|x64.Build.0 = MinSizeRel|x64
		{F593F915-DFEC-32B0-96C1-A0E57ACC0067}.RelWithDebInfo|x64.ActiveCfg = RelWithDebInfo|x64
		{F593F915-DFEC-32B0-96C1-A0E57ACC0067}.RelWithDebInfo|x64.Build.0 = RelWithDebInfo|x64
		{C5036225-2020-3E02-ABB3-9338BAE47021}.Debug|x64.ActiveCfg = Debug|x64
		{C5036225-2020-3E02-ABB3-9338BAE47021}.Debug|x64.Build.0 = Debug|x64
		{C5036225-2020-3E02-ABB3-9338BAE47021}.Release|x64.ActiveCfg = Release|x64
		{C5036225-2020-3E02-ABB3-9338BAE47021}.Release|x64.Build.0 = Release|x64
		{C5036225-2020-3E02-ABB3-9338BAE47021}.MinSizeRel|x64.ActiveCfg = MinSizeRel|x64
		{C5036225-2020-3E02-ABB3-9338BAE47021}.MinSizeRel|x64.Build.0 = MinSizeRel|x64
		{C5036225-2020-3E02-ABB3-9338BAE47021}.RelWithDebInfo|x64.ActiveCfg = RelWithDebInfo|x64
		{C5036225-2020-3E02-ABB3-9338BAE47021}.RelWithDebInfo|x64.Build.0 = RelWithDebInfo|x64
		{8B9F1CED-30B6-3076-8315-179CC07A042A}.Debug|x64.ActiveCfg = Debug|x64
		{8B9F1CED-30B6-3076-8315-179CC07A042A}.Debug|x64.Build.0 = Debug|x64
		{8B9F1CED-30B6-3076-8315-179CC07A042A}.Release|x64.ActiveCfg = Release|x64
		{8B9F1CED-30B6-3076-8315-179CC07A042A}.Release|x64.Build.0 = Release|x64
		{8B9F1CED-30B6-3076-8315-179CC07A042A}.MinSizeRel|x64.ActiveCfg = MinSizeRel|x64
		{8B9F1CED-30B6-3076-8315-179CC07A042A}.MinSizeRel|x64.Build.0 = MinSizeRel|x64
		{8B9F1CED-30B6-3076-8315-179CC07A042A}.RelWithDebInfo|x64.ActiveCfg = RelWithDebInfo|x64
		{8B9F1CED-30B6-3076-8315-179CC07A042A}.RelWithDebInfo|x64.Build.0 = RelWithDebInfo|x64
		{E3F37253-0BC3-3FE1-AF3A-2EA350DB0AD1}.Debug|x64.ActiveCfg = Debug|x64
		{E3F37253-0BC3-3FE1-AF3A-2EA350DB0AD1}.Debug|x64.Build.0 = Debug|x64
		{E3F37253-0BC3-3FE1-AF3A-2EA350DB0AD1}.Release|x64.ActiveCfg = Release|x64
		{E3F37253-0BC3-3FE1-AF3A-2EA350DB0AD1}.Release|x64.Build.0 = Release|x64
		{E3F37253-0BC3-3FE1-AF3A-2EA350DB0AD1}.MinSizeRel|x64.ActiveCfg = MinSizeRel|x64
		{E3F37253-0BC3-3FE1-AF3A-2EA350DB0AD1}.MinSizeRel|x64.Build.0 = MinSizeRel|x64
		{E3F37253-0BC3-3FE1-AF3A-2EA350DB0AD1}.RelWithDebInfo|x64.ActiveCfg = RelWithDebInfo|x64
		{E3F37253-0BC3-3FE1-AF3A-2EA350DB0AD1}.RelWithDebInfo|x64.Build.0 = RelWithDebInfo|x64
		{C4C8CC84-7287-355F-9350-84D5382AF80B}.Debug|x64.ActiveCfg = Debug|x64
		{C4C8CC84-7287-355F-9350-84D5382AF80B}.Debug|x64.Build.0 = Debug|x64
		{C4C8CC84-7287-355F-9350-84D5382AF80B}.Release|x64.ActiveCfg = Release|x64
		{C4C8CC84-7287-355F-9350-84D5382AF80B}.Release|x64.Build.0 = Release|x64
		{C4C8CC84-7287-355F-9350-84D5382AF80B}.MinSizeRel|x64.ActiveCfg = MinSizeRel|x64
		{C4C8CC84-7287-355F-9350-84D5382AF80B}.MinSizeRel|x64.Build.0 = MinSizeRel|x64
		{C4C8CC84-7287-355F-9350-84D5382AF80B}.RelWithDebInfo|x64.ActiveCfg = RelWithDebInfo|x64
		{C4C8CC84-7287-355F-9350-84D5382AF80B}.RelWithDebInfo|x64.Build.0 = RelWithDebInfo|x64
		{9E8CD8DF-AAD2-3025-A94F-7CCAE9360940}.Debug|x64.ActiveCfg = Debug|x64
		{9E8CD8DF-AAD2-3025-A94F-7CCAE9360940}.Debug|x64.Build.0 = Debug|x64
		{9E8CD8DF-AAD2-3025-A94F-7CCAE9360940}.Release|x64.ActiveCfg = Release|x64
		{9E8CD8DF-AAD2-3025-A94F-7CCAE9360940}.Release|x64.Build.0 = Release|x64
		{9E8CD8DF-AAD2-3025-A94F-7CCAE9360940}.MinSizeRel|x64.ActiveCfg = MinSizeRel|x64
		{9E8CD8DF-AAD2-3025-A94F-7CCAE9360940}.MinSizeRel|x64.Build.0 = MinSizeRel|x64
		{9E8CD8DF-AAD2-3025-A94F-7CCAE9360940}.RelWithDebInfo|x64.ActiveCfg = RelWithDebInfo|x64
		{9E8CD8DF-AAD2-3025-A94F-7CCAE9360940}.RelWithDebInfo|x64.Build.0 = RelWithDebInfo|x64
		{B7D0E94B-0901-33B6-A069-8AF16441EC30}.Debug|x64.ActiveCfg = Debug|x64
		{B7D0E94B-0901-33B6-A069-8AF16441EC30}.Debug|x64.Build.0 = Debug|x64
		{B7D0E94B-0901-33B6-A069-8AF16441EC30}.Release|x64.ActiveCfg = Release|x64
		{B7D0E94B-0901-33B6-A069-8AF16441EC30}.Release|x64.Build.0 = Release|x64
		{B7D0E94B-0901-33B6-A069-8AF16441EC30}.MinSizeRel|x64.ActiveCfg = MinSizeRel|x64
		{B7D0E94B-0901-33B6-A069-8AF16441EC30}.MinSizeRel|x64.Build.0 = MinSizeRel|x64
		{B7D0E94B-0901-33B6-A069-8AF16441EC30}.RelWithDebInfo|x64.ActiveCfg = RelWithDebInfo|x64
		{B7D0E94B-0901-33B6-A069-8AF16441EC30}.RelWithDebInfo|x64.Build.0 = RelWithDebInfo|x64
		{5F9943C7-0BCF-3D7B-9082-FD226C5743D5}.Debug|x64.ActiveCfg = Debug|x64
		{5F9943C7-0BCF-3D7B-9082-FD226C5743D5}.Debug|x64.Build.0 = Debug|x64
		{5F9943C7-0BCF-3D7B-9082-FD226C5743D5}.Release|x64.ActiveCfg = Release|x64
		{5F9943C7-0BCF-3D7B-9082-FD226C5743D5}.Release|x64.Build.0 = Release|x64
		{5F9943C7-0BCF-3D7B-9082-FD226C5743D5}.MinSizeRel|x64.ActiveCfg = MinSizeRel|x64
		{5F9943C7-0BCF-3D7B-9082-FD226C5743D5}.MinSizeRel|x64.Build.0 = MinSizeRel|x64
		{5F9943C7-0BCF-3D7B-9082-FD226C5743D5}.RelWithDebInfo|x64.ActiveCfg = RelWithDebInfo|x64
		{5F9943C7-0BCF-3D7B-9082-FD226C5743D5}.RelWithDebInfo|x64.Build.0 = RelWithDebInfo|x64
		{E875FBD4-05D5-3F90-812F-B6754A710976}.Debug|x64.ActiveCfg = Debug|x64
		{E875FBD4-05D5-3F90-812F-B6754A710976}.Debug|x64.Build.0 = Debug|x64
		{E875FBD4-05D5-3F90-812F-B6754A710976}.Release|x64.ActiveCfg = Release|x64
		{E875FBD4-05D5-3F90-812F-B6754A710976}.Release|x64.Build.0 = Release|x64
		{E875FBD4-05D5-3F90-812F-B6754A710976}.MinSizeRel|x64.ActiveCfg = MinSizeRel|x64
		{E875FBD4-05D5-3F90-812F-B6754A710976}.MinSizeRel|x64.Build.0 = MinSizeRel|x64
		{E875FBD4-05D5-3F90-812F-B6754A710976}.RelWithDebInfo|x64.ActiveCfg = RelWithDebInfo|x64
		{E875FBD4-05D5-3F90-812F-B6754A710976}.RelWithDebInfo|x64.Build.0 = RelWithDebInfo|x64
		{D9FD8450-CC16-35E7-8746-6B44A9213EDB}.Debug|x64.ActiveCfg = Debug|x64
		{D9FD8450-CC16-35E7-8746-6B44A9213EDB}.Debug|x64.Build.0 = Debug|x64
		{D9FD8450-CC16-35E7-8746-6B44A9213EDB}.Release|x64.ActiveCfg = Release|x64
		{D9FD8450-CC16-35E7-8746-6B44A9213EDB}.Release|x64.Build.0 = Release|x64
		{D9FD8450-CC16-35E7-8746-6B44A9213EDB}.MinSizeRel|x64.ActiveCfg = MinSizeRel|x64
		{D9FD8450-CC16-35E7-8746-6B44A9213EDB}.MinSizeRel|x64.Build.0 = MinSizeRel|x64
		{D9FD8450-CC16-35E7-8746-6B44A9213EDB}.RelWithDebInfo|x64.ActiveCfg = RelWithDebInfo|x64
		{D9FD8450-CC16-35E7-8746-6B44A9213EDB}.RelWithDebInfo|x64.Build.0 = RelWithDebInfo|x64
		{D5CE6D93-986C-3510-A0A3-C47F79070B47}.Debug|x64.ActiveCfg = Debug|x64
		{D5CE6D93-986C-3510-A0A3-C47F79070B47}.Debug|x64.Build.0 = Debug|x64
		{D5CE6D93-986C-3510-A0A3-C47F79070B47}.Release|x64.ActiveCfg = Release|x64
		{D5CE6D93-986C-3510-A0A3-C47F79070B47}.Release|x64.Build.0 = Release|x64
		{D5CE6D93-986C-3510-A0A3-C47F79070B47}.MinSizeRel|x64.ActiveCfg = MinSizeRel|x64
		{D5CE6D93-986C-3510-A0A3-C47F79070B47}.MinSizeRel|x64.Build.0 = MinSizeRel|x64
		{D5CE6D93-986C-3510-A0A3-C47F79070B47}.RelWithDebInfo|x64.ActiveCfg = RelWithDebInfo|x64
		{D5CE6D93-986C-3510-A0A3-C47F79070B47}.RelWithDebInfo|x64.Build.0 = RelWithDebInfo|x64
		{26C732B8-E845-3831-BF2E-10BF8693F294}.Debug|x64.ActiveCfg = Debug|x64
		{26C732B8-E845-3831-BF2E-10BF8693F294}.Debug|x64.Build.0 = Debug|x64
		{26C732B8-E845-3831-BF2E-10BF8693F294}.Release|x64.ActiveCfg = Release|x64
		{26C732B8-E845-3831-BF2E-10BF8693F294}.Release|x64.Build.0 = Release|x64
		{26C732B8-E845-3831-BF2E-10BF8693F294}.MinSizeRel|x64.ActiveCfg = MinSizeRel|x64
		{26C732B8-E845-3831-BF2E-10BF8693F294}.MinSizeRel|x64.Build.0 = MinSizeRel|x64
		{26C732B8-E845-3831-BF2E-10BF8693F294}.RelWithDebInfo|x64.ActiveCfg = RelWithDebInfo|x64
		{26C732B8-E845-3831-BF2E-10BF8693F294}.RelWithDebInfo|x64.Build.0 = RelWithDebInfo|x64
		{28139B18-91DE-3D8A-83BE-0F461BC8AEC4}.Debug|x64.ActiveCfg = Debug|x64
		{28139B18-91DE-3D8A-83BE-0F461BC8AEC4}.Debug|x64.Build.0 = Debug|x64
		{28139B18-91DE-3D8A-83BE-0F461BC8AEC4}.Release|x64.ActiveCfg = Release|x64
		{28139B18-91DE-3D8A-83BE-0F461BC8AEC4}.Release|x64.Build.0 = Release|x64
		{28139B18-91DE-3D8A-83BE-0F461BC8AEC4}.MinSizeRel|x64.ActiveCfg = MinSizeRel|x64
		{28139B18-91DE-3D8A-83BE-0F461BC8AEC4}.MinSizeRel|x64.Build.0 = MinSizeRel|x64
		{28139B18-91DE-3D8A-83BE-0F461BC8AEC4}.RelWithDebInfo|x64.ActiveCfg = RelWithDebInfo|x64
		{28139B18-91DE-3D8A-83BE-0F461BC8AEC4}.RelWithDebInfo|x64.Build.0 = RelWithDebInfo|x64
		{80F760F5-A0A3-3CBA-B619-1124B4C2EF29}.Debug|x64.ActiveCfg = Debug|x64
		{80F760F5-A0A3-3CBA-B619-1124B4C2EF29}.Debug|x64.Build.0 = Debug|x64
		{80F760F5-A0A3-3CBA-B619-1124B4C2EF29}.Release|x64.ActiveCfg = Release|x64
		{80F760F5-A0A3-3CBA-B619-1124B4C2EF29}.Release|x64.Build.0 = Release|x64
		{80F760F5-A0A3-3CBA-B619-1124B4C2EF29}.MinSizeRel|x64.ActiveCfg = MinSizeRel|x64
		{80F760F5-A0A3-3CBA-B619-1124B4C2EF29}.MinSizeRel|x64.Build.0 = MinSizeRel|x64
		{80F760F5-A0A3-3CBA-B619-1124B4C2EF29}.RelWithDebInfo|x64.ActiveCfg = RelWithDebInfo|x64
		{80F760F5-A0A3-3CBA-B619-1124B4C2EF29}.RelWithDebInfo|x64.Build.0 = RelWithDebInfo|x64
		{C41F2AC6-77B4-3042-A680-F00757EDD49A}.Debug|x64.ActiveCfg = Debug|x64
		{C41F2AC6-77B4-3042-A680-F00757EDD49A}.Debug|x64.Build.0 = Debug|x64
		{C41F2AC6-77B4-3042-A680-F00757EDD49A}.Release|x64.ActiveCfg = Release|x64
		{C41F2AC6-77B4-3042-A680-F00757EDD49A}.Release|x64.Build.0 = Release|x64
		{C41F2AC6-77B4-3042-A680-F00757EDD49A}.MinSizeRel|x64.ActiveCfg = MinSizeRel|x64
		{C41F2AC6-77B4-3042-A680-F00757EDD49A}.MinSizeRel|x64.Build.0 = MinSizeRel|x64
		{C41F2AC6-77B4-3042-A680-F00757EDD49A}.RelWithDebInfo|x64.ActiveCfg = RelWithDebInfo|x64
		{C41F2AC6-77B4-3042-A680-F00757EDD49A}.RelWithDebInfo|x64.Build.0 = RelWithDebInfo|x64
		{FC724DAC-711D-3268-9C22-A2CF1B89D724}.Debug|x64.ActiveCfg = Debug|x64
		{FC724DAC-711D-3268-9C22-A2CF1B89D724}.Debug|x64.Build.0 = Debug|x64
		{FC724DAC-711D-3268-9C22-A2CF1B89D724}.Release|x64.ActiveCfg = Release|x64
		{FC724DAC-711D-3268-9C22-A2CF1B89D724}.Release|x64.Build.0 = Release|x64
		{FC724DAC-711D-3268-9C22-A2CF1B89D724}.MinSizeRel|x64.ActiveCfg = MinSizeRel|x64
		{FC724DAC-711D-3268-9C22-A2CF1B89D724}.MinSizeRel|x64.Build.0 = MinSizeRel|x64
		{FC724DAC-711D-3268-9C22-A2CF1B89D724}.RelWithDebInfo|x64.ActiveCfg = RelWithDebInfo|x64
		{FC724DAC-711D-3268-9C22-A2CF1B89D724}.RelWithDebInfo|x64.Build.0 = RelWithDebInfo|x64
		{796FDAC3-206D-3D1C-A9E2-D935F03FB8BA}.Debug|x64.ActiveCfg = Debug|x64
		{796FDAC3-206D-3D1C-A9E2-D935F03FB8BA}.Debug|x64.Build.0 = Debug|x64
		{796FDAC3-206D-3D1C-A9E2-D935F03FB8BA}.Release|x64.ActiveCfg = Release|x64
		{796FDAC3-206D-3D1C-A9E2-D935F03FB8BA}.Release|x64.Build.0 = Release|x64
		{796FDAC3-206D-3D1C-A9E2-D935F03FB8BA}.MinSizeRel|x64.ActiveCfg = MinSizeRel|x64
		{796FDAC3-206D-3D1C-A9E2-D935F03FB8BA}.MinSizeRel|x64.Build.0 = MinSizeRel|x64
		{796FDAC3-206D-3D1C-A9E2-D935F03FB8BA}.RelWithDebInfo|x64.ActiveCfg = RelWithDebInfo|x64
		{796FDAC3-206D-3D1C-A9E2-D935F03FB8BA}.RelWithDebInfo|x64.Build.0 = RelWithDebInfo|x64
		{BEAD1EA5-CB06-30F9-83B9-07CC1114E7F2}.Debug|x64.ActiveCfg = Debug|x64
		{BEAD1EA5-CB06-30F9-83B9-07CC1114E7F2}.Debug|x64.Build.0 = Debug|x64
		{BEAD1EA5-CB06-30F9-83B9-07CC1114E7F2}.Release|x64.ActiveCfg = Release|x64
		{BEAD1EA5-CB06-30F9-83B9-07CC1114E7F2}.Release|x64.Build.0 = Release|x64
		{BEAD1EA5-CB06-30F9-83B9-07CC1114E7F2}.MinSizeRel|x64.ActiveCfg = MinSizeRel|x64
		{BEAD1EA5-CB06-30F9-83B9-07CC1114E7F2}.MinSizeRel|x64.Build.0 = MinSizeRel|x64
		{BEAD1EA5-CB06-30F9-83B9-07CC1114E7F2}.RelWithDebInfo|x64.ActiveCfg = RelWithDebInfo|x64
		{BEAD1EA5-CB06-30F9-83B9-07CC1114E7F2}.RelWithDebInfo|x64.Build.0 = RelWithDebInfo|x64
		{7591040A-EE16-3E09-8753-A332139B5305}.Debug|x64.ActiveCfg = Debug|x64
		{7591040A-EE16-3E09-8753-A332139B5305}.Debug|x64.Build.0 = Debug|x64
		{7591040A-EE16-3E09-8753-A332139B5305}.Release|x64.ActiveCfg = Release|x64
		{7591040A-EE16-3E09-8753-A332139B5305}.Release|x64.Build.0 = Release|x64
		{7591040A-EE16-3E09-8753-A332139B5305}.MinSizeRel|x64.ActiveCfg = MinSizeRel|x64
		{7591040A-EE16-3E09-8753-A332139B5305}.MinSizeRel|x64.Build.0 = MinSizeRel|x64
		{7591040A-EE16-3E09-8753-A332139B5305}.RelWithDebInfo|x64.ActiveCfg = RelWithDebInfo|x64
		{7591040A-EE16-3E09-8753-A332139B5305}.RelWithDebInfo|x64.Build.0 = RelWithDebInfo|x64
		{4B6C8A8F-02AC-34E5-92AF-F03D3BB2F296}.Debug|x64.ActiveCfg = Debug|x64
		{4B6C8A8F-02AC-34E5-92AF-F03D3BB2F296}.Debug|x64.Build.0 = Debug|x64
		{4B6C8A8F-02AC-34E5-92AF-F03D3BB2F296}.Release|x64.ActiveCfg = Release|x64
		{4B6C8A8F-02AC-34E5-92AF-F03D3BB2F296}.Release|x64.Build.0 = Release|x64
		{4B6C8A8F-02AC-34E5-92AF-F03D3BB2F296}.MinSizeRel|x64.ActiveCfg = MinSizeRel|x64
		{4B6C8A8F-02AC-34E5-92AF-F03D3BB2F296}.MinSizeRel|x64.Build.0 = MinSizeRel|x64
		{4B6C8A8F-02AC-34E5-92AF-F03D3BB2F296}.RelWithDebInfo|x64.ActiveCfg = RelWithDebInfo|x64
		{4B6C8A8F-02AC-34E5-92AF-F03D3BB2F296}.RelWithDebInfo|x64.Build.0 = RelWithDebInfo|x64
	EndGlobalSection
	GlobalSection(NestedProjects) = preSolution
		{7C5DF768-7DFD-3DB3-8495-D63933A2159A} = {BFBF0E5A-47F9-3BD5-B654-74A3B1252C8F}
		{31A2A39E-E070-3EAE-822D-9C8FA7C50750} = {BFBF0E5A-47F9-3BD5-B654-74A3B1252C8F}
		{02CCA560-B384-354A-977A-737A40B49184} = {BFBF0E5A-47F9-3BD5-B654-74A3B1252C8F}
		{8EE78A36-264F-399F-B3DC-4A8DEE047AF0} = {BFBF0E5A-47F9-3BD5-B654-74A3B1252C8F}
		{2E7A5DFB-C392-3DC7-A877-39D9064BF1F3} = {0E274101-9C29-35F2-8E46-CAF0D8981841}
		{A725FA26-5554-39A7-9C68-B2CDF7EC0422} = {0E274101-9C29-35F2-8E46-CAF0D8981841}
		{E87E143D-81F5-3927-838C-38920027E5ED} = {0E274101-9C29-35F2-8E46-CAF0D8981841}
		{B63ECA99-4DD2-3D06-84FF-268F891488FC} = {0E274101-9C29-35F2-8E46-CAF0D8981841}
		{B5C8A255-0438-35D1-B98E-1C0B53F37D81} = {0E274101-9C29-35F2-8E46-CAF0D8981841}
		{C9553361-4607-361C-B77A-A4EF78014A90} = {2E7A5DFB-C392-3DC7-A877-39D9064BF1F3}
		{2B3D58F4-50A0-3F3C-9913-DE2A440F0981} = {2E7A5DFB-C392-3DC7-A877-39D9064BF1F3}
		{79A18E42-0CD6-3CC7-85A9-37CD6D9543E6} = {2E7A5DFB-C392-3DC7-A877-39D9064BF1F3}
		{F632DE7C-EC6E-3FF6-BDEA-717BDBC9ABAC} = {2E7A5DFB-C392-3DC7-A877-39D9064BF1F3}
		{0B4996FD-D616-3F93-A39D-1E76BE06F7C2} = {2E7A5DFB-C392-3DC7-A877-39D9064BF1F3}
		{AA6A0530-13A5-3D1D-A53C-EC7C66BB5721} = {2E7A5DFB-C392-3DC7-A877-39D9064BF1F3}
		{52769A31-A136-3045-AC99-A337BB5C7E99} = {2E7A5DFB-C392-3DC7-A877-39D9064BF1F3}
		{6CC7D228-5358-3F39-8397-6EF954A780A7} = {2E7A5DFB-C392-3DC7-A877-39D9064BF1F3}
		{9851A6BD-AE2C-38AE-AC11-DF990DFA8AF4} = {2E7A5DFB-C392-3DC7-A877-39D9064BF1F3}
		{D82A2BD5-DB8B-3CE3-9C45-2B30965A676B} = {2E7A5DFB-C392-3DC7-A877-39D9064BF1F3}
		{4DA84D7B-8363-314D-BBF7-797BDDC521B3} = {2E7A5DFB-C392-3DC7-A877-39D9064BF1F3}
		{66639B34-A421-36E8-8010-AE5BF0F2F015} = {2E7A5DFB-C392-3DC7-A877-39D9064BF1F3}
		{8F81ECB5-CFD9-3AED-A4F1-5F310D67CA69} = {2E7A5DFB-C392-3DC7-A877-39D9064BF1F3}
		{93286332-99B1-3BE7-97F4-743EB688193E} = {2E7A5DFB-C392-3DC7-A877-39D9064BF1F3}
		{F71E579E-C063-3874-BCE5-C1A2E12226CA} = {2E7A5DFB-C392-3DC7-A877-39D9064BF1F3}
		{A8313FDA-69B9-38A5-8B97-2AA51CD24C30} = {2E7A5DFB-C392-3DC7-A877-39D9064BF1F3}
		{A1E50F86-46BF-3714-8AA0-D6FBA12A6B3D} = {2E7A5DFB-C392-3DC7-A877-39D9064BF1F3}
		{5B3F7E2A-9038-3748-B113-BDB35923E1AE} = {A725FA26-5554-39A7-9C68-B2CDF7EC0422}
		{8491726A-2546-3E6E-A5EE-32E8E9A20EBB} = {A725FA26-5554-39A7-9C68-B2CDF7EC0422}
		{2282CE6A-1CE1-36A7-886C-BAE6F91F6F9C} = {E87E143D-81F5-3927-838C-38920027E5ED}
		{6F960CEF-0628-3309-BC07-D9E6574FB8D0} = {E87E143D-81F5-3927-838C-38920027E5ED}
		{B1F138AD-76EB-3D7D-AE5E-748EAC046842} = {E87E143D-81F5-3927-838C-38920027E5ED}
		{AA76A045-5EF3-3D40-B8EF-C57917014258} = {E87E143D-81F5-3927-838C-38920027E5ED}
		{F593F915-DFEC-32B0-96C1-A0E57ACC0067} = {E87E143D-81F5-3927-838C-38920027E5ED}
		{C4C8CC84-7287-355F-9350-84D5382AF80B} = {2282CE6A-1CE1-36A7-886C-BAE6F91F6F9C}
		{9E8CD8DF-AAD2-3025-A94F-7CCAE9360940} = {2282CE6A-1CE1-36A7-886C-BAE6F91F6F9C}
		{9CE0D246-1078-3AFB-BEDE-CA1778090F40} = {6F960CEF-0628-3309-BC07-D9E6574FB8D0}
		{930DE575-6BD7-3FDC-864D-3DC9A70AD741} = {6F960CEF-0628-3309-BC07-D9E6574FB8D0}
		{EDF72001-511C-37EC-B7A9-343C0D221D01} = {6F960CEF-0628-3309-BC07-D9E6574FB8D0}
		{057DD8E0-FFA8-3BA3-8651-C0BE977C4705} = {6F960CEF-0628-3309-BC07-D9E6574FB8D0}
		{0730DF3D-ABFD-350E-8891-8F61DB5558FA} = {6F960CEF-0628-3309-BC07-D9E6574FB8D0}
		{B7D0E94B-0901-33B6-A069-8AF16441EC30} = {9CE0D246-1078-3AFB-BEDE-CA1778090F40}
		{5F9943C7-0BCF-3D7B-9082-FD226C5743D5} = {9CE0D246-1078-3AFB-BEDE-CA1778090F40}
		{E875FBD4-05D5-3F90-812F-B6754A710976} = {9CE0D246-1078-3AFB-BEDE-CA1778090F40}
		{D9FD8450-CC16-35E7-8746-6B44A9213EDB} = {9CE0D246-1078-3AFB-BEDE-CA1778090F40}
		{D5CE6D93-986C-3510-A0A3-C47F79070B47} = {9CE0D246-1078-3AFB-BEDE-CA1778090F40}
		{26C732B8-E845-3831-BF2E-10BF8693F294} = {9CE0D246-1078-3AFB-BEDE-CA1778090F40}
		{28139B18-91DE-3D8A-83BE-0F461BC8AEC4} = {9CE0D246-1078-3AFB-BEDE-CA1778090F40}
		{80F760F5-A0A3-3CBA-B619-1124B4C2EF29} = {9CE0D246-1078-3AFB-BEDE-CA1778090F40}
		{C41F2AC6-77B4-3042-A680-F00757EDD49A} = {9CE0D246-1078-3AFB-BEDE-CA1778090F40}
		{FC724DAC-711D-3268-9C22-A2CF1B89D724} = {9CE0D246-1078-3AFB-BEDE-CA1778090F40}
		{796FDAC3-206D-3D1C-A9E2-D935F03FB8BA} = {9CE0D246-1078-3AFB-BEDE-CA1778090F40}
		{BEAD1EA5-CB06-30F9-83B9-07CC1114E7F2} = {9CE0D246-1078-3AFB-BEDE-CA1778090F40}
		{7591040A-EE16-3E09-8753-A332139B5305} = {9CE0D246-1078-3AFB-BEDE-CA1778090F40}
		{FB82B861-5C47-314D-A8B9-708C5A2738B4} = {930DE575-6BD7-3FDC-864D-3DC9A70AD741}
		{9077CB1F-C0F0-3D2A-AA73-308A80CC72ED} = {930DE575-6BD7-3FDC-864D-3DC9A70AD741}
		{641AC004-87C3-3933-B66F-80D3C5C2A7CA} = {B1F138AD-76EB-3D7D-AE5E-748EAC046842}
		{7322B25D-CECA-357A-9BC3-0EF2A0FB3065} = {641AC004-87C3-3933-B66F-80D3C5C2A7CA}
		{C5036225-2020-3E02-ABB3-9338BAE47021} = {641AC004-87C3-3933-B66F-80D3C5C2A7CA}
		{4B6C8A8F-02AC-34E5-92AF-F03D3BB2F296} = {AA76A045-5EF3-3D40-B8EF-C57917014258}
		{C61F81F1-219D-3219-9FF8-8CFF6DE785FC} = {A6BAD176-C05F-3DAE-8E78-02AE95430D12}
		{B5901437-59E0-39BB-B8FF-7704976CDF0A} = {A6BAD176-C05F-3DAE-8E78-02AE95430D12}
		{77044EB3-6FBD-37AA-9926-3B02076CACDA} = {C61F81F1-219D-3219-9FF8-8CFF6DE785FC}
		{183E4A45-A824-3AFC-A252-AB6BA7703AC1} = {BDDBAA01-21D1-3445-AEE1-D2E7B139ECBE}
		{DE90F504-9771-34FA-BDF8-1FF6BD3AF7C8} = {BDDBAA01-21D1-3445-AEE1-D2E7B139ECBE}
		{4F7F0930-EC3C-36CA-B6B4-B191245F7820} = {BDDBAA01-21D1-3445-AEE1-D2E7B139ECBE}
		{401905FC-05E2-3466-B7FC-B3D780362276} = {BDDBAA01-21D1-3445-AEE1-D2E7B139ECBE}
		{6F2CC604-69CF-3B71-9FA9-6BA86F601979} = {183E4A45-A824-3AFC-A252-AB6BA7703AC1}
		{D6BBA12D-09D8-3D55-A4F0-AF038F290DC6} = {183E4A45-A824-3AFC-A252-AB6BA7703AC1}
		{0ECECAC0-459F-3211-A576-8154BCEB3078} = {183E4A45-A824-3AFC-A252-AB6BA7703AC1}
		{4872769C-2F74-3C70-8704-EA67D3886DCB} = {183E4A45-A824-3AFC-A252-AB6BA7703AC1}
		{8B9F1CED-30B6-3076-8315-179CC07A042A} = {6F2CC604-69CF-3B71-9FA9-6BA86F601979}
		{E3F37253-0BC3-3FE1-AF3A-2EA350DB0AD1} = {6F2CC604-69CF-3B71-9FA9-6BA86F601979}
	EndGlobalSection
	GlobalSection(ExtensibilityGlobals) = postSolution
		SolutionGuid = {FDB7BA7B-3D7A-33EC-80AE-D54C9DC80E13}
	EndGlobalSection
	GlobalSection(ExtensibilityAddIns) = postSolution
	EndGlobalSection
EndGlobal
